Microsoft Visual Studio Solution File, Format Version 12.00
# Visual Studio Version 16
VisualStudioVersion = 16.0.29806.167
MinimumVisualStudioVersion = 10.0.40219.1
Project("{8BC9CEB8-8B4A-11D0-8D11-00A0C91BC942}") = "QuaternionAccum", "QuaternionAccum.vcxproj", "{052077E3-6CB2-4A4F-973C-94D199EE9FB1}"
EndProject
Global
	GlobalSection(SolutionConfigurationPlatforms) = preSolution
		Debug|Win32 = Debug|Win32
		Debug|x64 = Debug|x64
		Release|Win32 = Release|Win32
		Release|x64 = Release|x64
	EndGlobalSection
	GlobalSection(ProjectConfigurationPlatforms) = postSolution
		{052077E3-6CB2-4A4F-973C-94D199EE9FB1}.Debug|Win32.ActiveCfg = Debug|Win32
		{052077E3-6CB2-4A4F-973C-94D199EE9FB1}.Debug|Win32.Build.0 = Debug|Win32
		{052077E3-6CB2-4A4F-973C-94D199EE9FB1}.Debug|x64.ActiveCfg = Debug|x64
		{052077E3-6CB2-4A4F-973C-94D199EE9FB1}.Debug|x64.Build.0 = Debug|x64
		{052077E3-6CB2-4A4F-973C-94D199EE9FB1}.Release|Win32.ActiveCfg = Release|Win32
		{052077E3-6CB2-4A4F-973C-94D199EE9FB1}.Release|Win32.Build.0 = Release|Win32
		{052077E3-6CB2-4A4F-973C-94D199EE9FB1}.Release|x64.ActiveCfg = Release|x64
		{052077E3-6CB2-4A4F-973C-94D199EE9FB1}.Release|x64.Build.0 = Release|x64
	EndGlobalSection
	GlobalSection(SolutionProperties) = preSolution
		HideSolutionNode = FALSE
	EndGlobalSection
EndGlobal
