// !$*UTF8*$!
{
	archiveVersion = 1;
	classes = {
	};
	objectVersion = 44;
	objects = {

/* Begin PBXBuildFile section */
		0091D8F90E81B9330029341E /* OpenGL.framework in Frameworks */ = {isa = PBXBuildFile; fileRef = 0091D8F80E81B9330029341E /* OpenGL.framework */; };
		00B784B30FF439BC000DE1D7 /* Accelerate.framework in Frameworks */ = {isa = PBXBuildFile; fileRef = 00B784AF0FF439BC000DE1D7 /* Accelerate.framework */; };
		00B784B40FF439BC000DE1D7 /* AudioToolbox.framework in Frameworks */ = {isa = PBXBuildFile; fileRef = 00B784B00FF439BC000DE1D7 /* AudioToolbox.framework */; };
		00B784B50FF439BC000DE1D7 /* AudioUnit.framework in Frameworks */ = {isa = PBXBuildFile; fileRef = 00B784B10FF439BC000DE1D7 /* AudioUnit.framework */; };
		00B784B60FF439BC000DE1D7 /* CoreAudio.framework in Frameworks */ = {isa = PBXBuildFile; fileRef = 00B784B20FF439BC000DE1D7 /* CoreAudio.framework */; };
		5323E6B20EAFCA74003A9687 /* CoreVideo.framework in Frameworks */ = {isa = PBXBuildFile; fileRef = 5323E6B10EAFCA74003A9687 /* CoreVideo.framework */; };
		5323E6B60EAFCA7E003A9687 /* QTKit.framework in Frameworks */ = {isa = PBXBuildFile; fileRef = 5323E6B50EAFCA7E003A9687 /* QTKit.framework */; };
		8D11072F0486CEB800E47090 /* Cocoa.framework in Frameworks */ = {isa = PBXBuildFile; fileRef = 1058C7A1FEA54F0111CA2CBB /* Cocoa.framework */; };
		674DE8C81AFD4C24BF92E92A /* TuioProfileBase.h in Headers */ = {isa = PBXBuildFile; fileRef = BBF67CB0337D4B0C9BA19667 /* TuioProfileBase.h */; };
		6D79FA2DF332410D8F3EB368 /* TuioObject.h in Headers */ = {isa = PBXBuildFile; fileRef = 61C96BF6BD9C4BEBA912387B /* TuioObject.h */; };
		543BE851A0764AE2A99472D9 /* TuioCursor.h in Headers */ = {isa = PBXBuildFile; fileRef = 66B417DE26F14AB79ABABBB4 /* TuioCursor.h */; };
		354A6E405530438BAAC43A52 /* TuioClient.h in Headers */ = {isa = PBXBuildFile; fileRef = 2F3D542A241F41678B0A38D5 /* TuioClient.h */; };
		47B8481F222F4064B19D5328 /* TuioClient.cpp in Sources */ = {isa = PBXBuildFile; fileRef = 895BFCD41ECA475CAD9A0E16 /* TuioClient.cpp */; };
		B7D017A0C1BF4861B3A30210 /* UdpSocket.cpp in Sources */ = {isa = PBXBuildFile; fileRef = BFE6BC94B4B840A094CC44F7 /* UdpSocket.cpp */; };
		DABCC608B18148F590569529 /* NetworkingUtils.cpp in Sources */ = {isa = PBXBuildFile; fileRef = 8CF6D623419F4ACCBE5BCF0A /* NetworkingUtils.cpp */; };
		242A48E61CD64087855FE680 /* OscTypes.h in Headers */ = {isa = PBXBuildFile; fileRef = 4753FBF927A74B31A3DC2747 /* OscTypes.h */; };
		8C0A48292E9E4837BFED8674 /* OscReceivedElements.h in Headers */ = {isa = PBXBuildFile; fileRef = CC35485ACCA24F0BBB6FBBDF /* OscReceivedElements.h */; };
		D69F22943A164FFCB7348A82 /* OscPrintReceivedElements.h in Headers */ = {isa = PBXBuildFile; fileRef = AB873D87E2E045BC9D17DDC5 /* OscPrintReceivedElements.h */; };
		D6DF5D4231C4455E99ADA6F3 /* OscPacketListener.h in Headers */ = {isa = PBXBuildFile; fileRef = F95984F66F864AD9AC8CE4D3 /* OscPacketListener.h */; };
		1F4B9C3A6F064DD58468A43C /* OscOutboundPacketStream.h in Headers */ = {isa = PBXBuildFile; fileRef = 20E7DFCE45434A5B87CC3881 /* OscOutboundPacketStream.h */; };
		D3CB6C568D7A4E2283779D57 /* OscHostEndianness.h in Headers */ = {isa = PBXBuildFile; fileRef = 3297ECD149C44A21B5E0A780 /* OscHostEndianness.h */; };
		B5ECAD1F0A4D4159BA8908AE /* OscException.h in Headers */ = {isa = PBXBuildFile; fileRef = F266A4160AD142D5A54C59A0 /* OscException.h */; };
		BDA09A5083414241B7894810 /* MessageMappingOscPacketListener.h in Headers */ = {isa = PBXBuildFile; fileRef = 1DB6E3FB92C1497B93B6D994 /* MessageMappingOscPacketListener.h */; };
		B0634F9FBF3F4A61959D62A4 /* UdpSocket.h in Headers */ = {isa = PBXBuildFile; fileRef = EBF75E8FB6BE497796B3F146 /* UdpSocket.h */; };
		462BBD39862249DCB546597B /* TimerListener.h in Headers */ = {isa = PBXBuildFile; fileRef = EC03E5007E37422FA46DB7F7 /* TimerListener.h */; };
		F98A7AE2C1864CB79F0620BA /* PacketListener.h in Headers */ = {isa = PBXBuildFile; fileRef = 019094F4BB0945D28EE1774C /* PacketListener.h */; };
		0712113F95924EC2A3A6370A /* NetworkingUtils.h in Headers */ = {isa = PBXBuildFile; fileRef = E2E62CD458344641965326DD /* NetworkingUtils.h */; };
		DDE4291E1C5346919F401D59 /* IpEndpointName.h in Headers */ = {isa = PBXBuildFile; fileRef = 4511D0912C6146D3BF171675 /* IpEndpointName.h */; };
		FA8F91E022BF4E56ADFCD819 /* OscSender.h in Headers */ = {isa = PBXBuildFile; fileRef = 0DD737EC0DAA465B97F5ED26 /* OscSender.h */; };
		85589F9167B54F2EB02FBECA /* OscMessage.h in Headers */ = {isa = PBXBuildFile; fileRef = C9ABAC228F1B4F1E87A3286E /* OscMessage.h */; };
		74E8A9A79B3F4C4B8100CC38 /* OscListener.h in Headers */ = {isa = PBXBuildFile; fileRef = 7CA4942DE83D4B989DA22E79 /* OscListener.h */; };
		BA59F52A6FCA4D87BDD924DE /* OscBundle.h in Headers */ = {isa = PBXBuildFile; fileRef = BDA38B15764C4CD48CBDF52A /* OscBundle.h */; };
		1437C00983984839B191B125 /* OscArg.h in Headers */ = {isa = PBXBuildFile; fileRef = F3509CD0EF6F4E9DAD93794F /* OscArg.h */; };
		A2A2E0DBAEC045CEA19B229B /* OscTypes.cpp in Sources */ = {isa = PBXBuildFile; fileRef = 211B5EC2C4044E38A1D34E4E /* OscTypes.cpp */; };
		FE05A6FC61754490AFD8736E /* OscReceivedElements.cpp in Sources */ = {isa = PBXBuildFile; fileRef = 5129FCD3995C423BAC0BF3E1 /* OscReceivedElements.cpp */; };
		6C15878BADCB438D816DFAE0 /* OscPrintReceivedElements.cpp in Sources */ = {isa = PBXBuildFile; fileRef = FAB22529937E41BEAF28D28D /* OscPrintReceivedElements.cpp */; };
		6836C62C5B5F485C93D4ED62 /* OscOutboundPacketStream.cpp in Sources */ = {isa = PBXBuildFile; fileRef = 60AA72A6A1584926B6795D43 /* OscOutboundPacketStream.cpp */; };
		09AC8FA1576941869506DBB5 /* IpEndpointName.cpp in Sources */ = {isa = PBXBuildFile; fileRef = FC2BCCE25E6D4D5CA76CEBA4 /* IpEndpointName.cpp */; };
		7DF97E1086244A3F8B4C522D /* OscSender.cpp in Sources */ = {isa = PBXBuildFile; fileRef = 2CEE758C85D84E52A03DEB60 /* OscSender.cpp */; };
		2944B963615248DAA28FABA6 /* OscMessage.cpp in Sources */ = {isa = PBXBuildFile; fileRef = DEA4A6F5C245435D8934FE2A /* OscMessage.cpp */; };
		FD64B9981E7349D18DC2B016 /* OscListener.cpp in Sources */ = {isa = PBXBuildFile; fileRef = 01498DCA45704F128AC29428 /* OscListener.cpp */; };
		AFFF366AC2514CB6B91954B7 /* OscBundle.cpp in Sources */ = {isa = PBXBuildFile; fileRef = 787F3D37D2114EC8B1911288 /* OscBundle.cpp */; };
		33781439107C4532AE2C35BB /* TUIOListener_Prefix.pch in Headers */ = {isa = PBXBuildFile; fileRef = DCDFEAC2CA484432B57B1CB3 /* TUIOListener_Prefix.pch */; };
		A58E0ADDABC143CFA2B55AC5 /* CinderApp.icns in Resources */ = {isa = PBXBuildFile; fileRef = 86DC350E20A9455E95404733 /* CinderApp.icns */; };
		723AF71E62C94BCB8120AD73 /* Resources.h in Headers */ = {isa = PBXBuildFile; fileRef = 3622BA57504D45E79BF687DA /* Resources.h */; };
		AABE7C90BA0F4D05A2599BE6 /* TUIOListenerApp.cpp in Sources */ = {isa = PBXBuildFile; fileRef = 977B0CDED0714F3684BB9A71 /* TUIOListenerApp.cpp */; };
/* End PBXBuildFile section */

/* Begin PBXFileReference section */
		0091D8F80E81B9330029341E /* OpenGL.framework */ = {isa = PBXFileReference; lastKnownFileType = wrapper.framework; name = OpenGL.framework; path = /System/Library/Frameworks/OpenGL.framework; sourceTree = "<absolute>"; };
		00B784AF0FF439BC000DE1D7 /* Accelerate.framework */ = {isa = PBXFileReference; lastKnownFileType = wrapper.framework; name = Accelerate.framework; path = System/Library/Frameworks/Accelerate.framework; sourceTree = SDKROOT; };
		00B784B00FF439BC000DE1D7 /* AudioToolbox.framework */ = {isa = PBXFileReference; lastKnownFileType = wrapper.framework; name = AudioToolbox.framework; path = System/Library/Frameworks/AudioToolbox.framework; sourceTree = SDKROOT; };
		00B784B10FF439BC000DE1D7 /* AudioUnit.framework */ = {isa = PBXFileReference; lastKnownFileType = wrapper.framework; name = AudioUnit.framework; path = System/Library/Frameworks/AudioUnit.framework; sourceTree = SDKROOT; };
		00B784B20FF439BC000DE1D7 /* CoreAudio.framework */ = {isa = PBXFileReference; lastKnownFileType = wrapper.framework; name = CoreAudio.framework; path = System/Library/Frameworks/CoreAudio.framework; sourceTree = SDKROOT; };
		1058C7A1FEA54F0111CA2CBB /* Cocoa.framework */ = {isa = PBXFileReference; lastKnownFileType = wrapper.framework; name = Cocoa.framework; path = /System/Library/Frameworks/Cocoa.framework; sourceTree = "<absolute>"; };
		29B97324FDCFA39411CA2CEA /* AppKit.framework */ = {isa = PBXFileReference; lastKnownFileType = wrapper.framework; name = AppKit.framework; path = /System/Library/Frameworks/AppKit.framework; sourceTree = "<absolute>"; };
		29B97325FDCFA39411CA2CEA /* Foundation.framework */ = {isa = PBXFileReference; lastKnownFileType = wrapper.framework; name = Foundation.framework; path = /System/Library/Frameworks/Foundation.framework; sourceTree = "<absolute>"; };
		5323E6B10EAFCA74003A9687 /* CoreVideo.framework */ = {isa = PBXFileReference; lastKnownFileType = wrapper.framework; name = CoreVideo.framework; path = /System/Library/Frameworks/CoreVideo.framework; sourceTree = "<absolute>"; };
		5323E6B50EAFCA7E003A9687 /* QTKit.framework */ = {isa = PBXFileReference; lastKnownFileType = wrapper.framework; name = QTKit.framework; path = /System/Library/Frameworks/QTKit.framework; sourceTree = "<absolute>"; };
		8D1107320486CEB800E47090 /* TUIOListener.app */ = {isa = PBXFileReference; explicitFileType = wrapper.application; includeInIndex = 0; path = TUIOListener.app; sourceTree = BUILT_PRODUCTS_DIR; };
		977B0CDED0714F3684BB9A71 /* TUIOListenerApp.cpp */ = {isa = PBXFileReference; lastKnownFileType = sourcecode.c.cpp; path = ../src/TUIOListenerApp.cpp; sourceTree = "<group>"; name = TUIOListenerApp.cpp; };
		3622BA57504D45E79BF687DA /* Resources.h */ = {isa = PBXFileReference; lastKnownFileType = sourcecode.c.h; path = ../include/Resources.h; sourceTree = "<group>"; name = Resources.h; };
		86DC350E20A9455E95404733 /* CinderApp.icns */ = {isa = PBXFileReference; lastKnownFileType = image.icns; path = ../resources/CinderApp.icns; sourceTree = "<group>"; name = CinderApp.icns; };
		0CB3FC8E118D4670824AD80E /* Info.plist */ = {isa = PBXFileReference; lastKnownFileType = text.plist.xml; path = Info.plist; sourceTree = "<group>"; name = Info.plist; };
		DCDFEAC2CA484432B57B1CB3 /* TUIOListener_Prefix.pch */ = {isa = PBXFileReference; lastKnownFileType = "\"\""; path = TUIOListener_Prefix.pch; sourceTree = "<group>"; name = TUIOListener_Prefix.pch; };
		787F3D37D2114EC8B1911288 /* OscBundle.cpp */ = {isa = PBXFileReference; lastKnownFileType = sourcecode.c.cpp; path = ../../../../osc/src/OscBundle.cpp; sourceTree = "<group>"; name = OscBundle.cpp; };
		01498DCA45704F128AC29428 /* OscListener.cpp */ = {isa = PBXFileReference; lastKnownFileType = sourcecode.c.cpp; path = ../../../../osc/src/OscListener.cpp; sourceTree = "<group>"; name = OscListener.cpp; };
		DEA4A6F5C245435D8934FE2A /* OscMessage.cpp */ = {isa = PBXFileReference; lastKnownFileType = sourcecode.c.cpp; path = ../../../../osc/src/OscMessage.cpp; sourceTree = "<group>"; name = OscMessage.cpp; };
		2CEE758C85D84E52A03DEB60 /* OscSender.cpp */ = {isa = PBXFileReference; lastKnownFileType = sourcecode.c.cpp; path = ../../../../osc/src/OscSender.cpp; sourceTree = "<group>"; name = OscSender.cpp; };
		FC2BCCE25E6D4D5CA76CEBA4 /* IpEndpointName.cpp */ = {isa = PBXFileReference; lastKnownFileType = sourcecode.c.cpp; path = ../../../../osc/src/ip/IpEndpointName.cpp; sourceTree = "<group>"; name = IpEndpointName.cpp; };
		60AA72A6A1584926B6795D43 /* OscOutboundPacketStream.cpp */ = {isa = PBXFileReference; lastKnownFileType = sourcecode.c.cpp; path = ../../../../osc/src/osc/OscOutboundPacketStream.cpp; sourceTree = "<group>"; name = OscOutboundPacketStream.cpp; };
		FAB22529937E41BEAF28D28D /* OscPrintReceivedElements.cpp */ = {isa = PBXFileReference; lastKnownFileType = sourcecode.c.cpp; path = ../../../../osc/src/osc/OscPrintReceivedElements.cpp; sourceTree = "<group>"; name = OscPrintReceivedElements.cpp; };
		5129FCD3995C423BAC0BF3E1 /* OscReceivedElements.cpp */ = {isa = PBXFileReference; lastKnownFileType = sourcecode.c.cpp; path = ../../../../osc/src/osc/OscReceivedElements.cpp; sourceTree = "<group>"; name = OscReceivedElements.cpp; };
		211B5EC2C4044E38A1D34E4E /* OscTypes.cpp */ = {isa = PBXFileReference; lastKnownFileType = sourcecode.c.cpp; path = ../../../../osc/src/osc/OscTypes.cpp; sourceTree = "<group>"; name = OscTypes.cpp; };
		F3509CD0EF6F4E9DAD93794F /* OscArg.h */ = {isa = PBXFileReference; lastKnownFileType = sourcecode.c.h; path = ../../../../osc/src/OscArg.h; sourceTree = "<group>"; name = OscArg.h; };
		BDA38B15764C4CD48CBDF52A /* OscBundle.h */ = {isa = PBXFileReference; lastKnownFileType = sourcecode.c.h; path = ../../../../osc/src/OscBundle.h; sourceTree = "<group>"; name = OscBundle.h; };
		7CA4942DE83D4B989DA22E79 /* OscListener.h */ = {isa = PBXFileReference; lastKnownFileType = sourcecode.c.h; path = ../../../../osc/src/OscListener.h; sourceTree = "<group>"; name = OscListener.h; };
		C9ABAC228F1B4F1E87A3286E /* OscMessage.h */ = {isa = PBXFileReference; lastKnownFileType = sourcecode.c.h; path = ../../../../osc/src/OscMessage.h; sourceTree = "<group>"; name = OscMessage.h; };
		0DD737EC0DAA465B97F5ED26 /* OscSender.h */ = {isa = PBXFileReference; lastKnownFileType = sourcecode.c.h; path = ../../../../osc/src/OscSender.h; sourceTree = "<group>"; name = OscSender.h; };
		4511D0912C6146D3BF171675 /* IpEndpointName.h */ = {isa = PBXFileReference; lastKnownFileType = sourcecode.c.h; path = ../../../../osc/src/ip/IpEndpointName.h; sourceTree = "<group>"; name = IpEndpointName.h; };
		E2E62CD458344641965326DD /* NetworkingUtils.h */ = {isa = PBXFileReference; lastKnownFileType = sourcecode.c.h; path = ../../../../osc/src/ip/NetworkingUtils.h; sourceTree = "<group>"; name = NetworkingUtils.h; };
		019094F4BB0945D28EE1774C /* PacketListener.h */ = {isa = PBXFileReference; lastKnownFileType = sourcecode.c.h; path = ../../../../osc/src/ip/PacketListener.h; sourceTree = "<group>"; name = PacketListener.h; };
		EC03E5007E37422FA46DB7F7 /* TimerListener.h */ = {isa = PBXFileReference; lastKnownFileType = sourcecode.c.h; path = ../../../../osc/src/ip/TimerListener.h; sourceTree = "<group>"; name = TimerListener.h; };
		EBF75E8FB6BE497796B3F146 /* UdpSocket.h */ = {isa = PBXFileReference; lastKnownFileType = sourcecode.c.h; path = ../../../../osc/src/ip/UdpSocket.h; sourceTree = "<group>"; name = UdpSocket.h; };
		1DB6E3FB92C1497B93B6D994 /* MessageMappingOscPacketListener.h */ = {isa = PBXFileReference; lastKnownFileType = sourcecode.c.h; path = ../../../../osc/src/osc/MessageMappingOscPacketListener.h; sourceTree = "<group>"; name = MessageMappingOscPacketListener.h; };
		F266A4160AD142D5A54C59A0 /* OscException.h */ = {isa = PBXFileReference; lastKnownFileType = sourcecode.c.h; path = ../../../../osc/src/osc/OscException.h; sourceTree = "<group>"; name = OscException.h; };
		3297ECD149C44A21B5E0A780 /* OscHostEndianness.h */ = {isa = PBXFileReference; lastKnownFileType = sourcecode.c.h; path = ../../../../osc/src/osc/OscHostEndianness.h; sourceTree = "<group>"; name = OscHostEndianness.h; };
		20E7DFCE45434A5B87CC3881 /* OscOutboundPacketStream.h */ = {isa = PBXFileReference; lastKnownFileType = sourcecode.c.h; path = ../../../../osc/src/osc/OscOutboundPacketStream.h; sourceTree = "<group>"; name = OscOutboundPacketStream.h; };
		F95984F66F864AD9AC8CE4D3 /* OscPacketListener.h */ = {isa = PBXFileReference; lastKnownFileType = sourcecode.c.h; path = ../../../../osc/src/osc/OscPacketListener.h; sourceTree = "<group>"; name = OscPacketListener.h; };
		AB873D87E2E045BC9D17DDC5 /* OscPrintReceivedElements.h */ = {isa = PBXFileReference; lastKnownFileType = sourcecode.c.h; path = ../../../../osc/src/osc/OscPrintReceivedElements.h; sourceTree = "<group>"; name = OscPrintReceivedElements.h; };
		CC35485ACCA24F0BBB6FBBDF /* OscReceivedElements.h */ = {isa = PBXFileReference; lastKnownFileType = sourcecode.c.h; path = ../../../../osc/src/osc/OscReceivedElements.h; sourceTree = "<group>"; name = OscReceivedElements.h; };
		4753FBF927A74B31A3DC2747 /* OscTypes.h */ = {isa = PBXFileReference; lastKnownFileType = sourcecode.c.h; path = ../../../../osc/src/osc/OscTypes.h; sourceTree = "<group>"; name = OscTypes.h; };
		8CF6D623419F4ACCBE5BCF0A /* NetworkingUtils.cpp */ = {isa = PBXFileReference; lastKnownFileType = sourcecode.c.cpp; path = ../../../../osc/src/ip/posix/NetworkingUtils.cpp; sourceTree = "<group>"; name = NetworkingUtils.cpp; };
		BFE6BC94B4B840A094CC44F7 /* UdpSocket.cpp */ = {isa = PBXFileReference; lastKnownFileType = sourcecode.c.cpp; path = ../../../../osc/src/ip/posix/UdpSocket.cpp; sourceTree = "<group>"; name = UdpSocket.cpp; };
		895BFCD41ECA475CAD9A0E16 /* TuioClient.cpp */ = {isa = PBXFileReference; lastKnownFileType = sourcecode.c.cpp; path = ../../../src/TuioClient.cpp; sourceTree = "<group>"; name = TuioClient.cpp; };
		2F3D542A241F41678B0A38D5 /* TuioClient.h */ = {isa = PBXFileReference; lastKnownFileType = sourcecode.c.h; path = ../../../include/TuioClient.h; sourceTree = "<group>"; name = TuioClient.h; };
		66B417DE26F14AB79ABABBB4 /* TuioCursor.h */ = {isa = PBXFileReference; lastKnownFileType = sourcecode.c.h; path = ../../../include/TuioCursor.h; sourceTree = "<group>"; name = TuioCursor.h; };
		61C96BF6BD9C4BEBA912387B /* TuioObject.h */ = {isa = PBXFileReference; lastKnownFileType = sourcecode.c.h; path = ../../../include/TuioObject.h; sourceTree = "<group>"; name = TuioObject.h; };
		BBF67CB0337D4B0C9BA19667 /* TuioProfileBase.h */ = {isa = PBXFileReference; lastKnownFileType = sourcecode.c.h; path = ../../../include/TuioProfileBase.h; sourceTree = "<group>"; name = TuioProfileBase.h; };
/* End PBXFileReference section */

/* Begin PBXFrameworksBuildPhase section */
		8D11072E0486CEB800E47090 /* Frameworks */ = {
			isa = PBXFrameworksBuildPhase;
			buildActionMask = 2147483647;
			files = (
				8D11072F0486CEB800E47090 /* Cocoa.framework in Frameworks */,
				0091D8F90E81B9330029341E /* OpenGL.framework in Frameworks */,
				5323E6B20EAFCA74003A9687 /* CoreVideo.framework in Frameworks */,
				5323E6B60EAFCA7E003A9687 /* QTKit.framework in Frameworks */,
				00B784B30FF439BC000DE1D7 /* Accelerate.framework in Frameworks */,
				00B784B40FF439BC000DE1D7 /* AudioToolbox.framework in Frameworks */,
				00B784B50FF439BC000DE1D7 /* AudioUnit.framework in Frameworks */,
				00B784B60FF439BC000DE1D7 /* CoreAudio.framework in Frameworks */,
			);
			runOnlyForDeploymentPostprocessing = 0;
		};
/* End PBXFrameworksBuildPhase section */

/* Begin PBXGroup section */
		080E96DDFE201D6D7F000001 /* Source */ = {
			isa = PBXGroup;
			children = (
				977B0CDED0714F3684BB9A71 /* TUIOListenerApp.cpp */,
			);
			name = Source;
			sourceTree = "<group>";
		};
		1058C7A0FEA54F0111CA2CBB /* Linked Frameworks */ = {
			isa = PBXGroup;
			children = (
				00B784AF0FF439BC000DE1D7 /* Accelerate.framework */,
				00B784B00FF439BC000DE1D7 /* AudioToolbox.framework */,
				00B784B10FF439BC000DE1D7 /* AudioUnit.framework */,
				00B784B20FF439BC000DE1D7 /* CoreAudio.framework */,
				5323E6B50EAFCA7E003A9687 /* QTKit.framework */,
				5323E6B10EAFCA74003A9687 /* CoreVideo.framework */,
				0091D8F80E81B9330029341E /* OpenGL.framework */,
				1058C7A1FEA54F0111CA2CBB /* Cocoa.framework */,
			);
			name = "Linked Frameworks";
			sourceTree = "<group>";
		};
		1058C7A2FEA54F0111CA2CBB /* Other Frameworks */ = {
			isa = PBXGroup;
			children = (
				29B97324FDCFA39411CA2CEA /* AppKit.framework */,
				29B97325FDCFA39411CA2CEA /* Foundation.framework */,
			);
			name = "Other Frameworks";
			sourceTree = "<group>";
		};
		19C28FACFE9D520D11CA2CBB /* Products */ = {
			isa = PBXGroup;
			children = (
				8D1107320486CEB800E47090 /* TUIOListener.app */,
			);
			name = Products;
			sourceTree = "<group>";
		};
		29B97314FDCFA39411CA2CEA /* TUIOListener */ = {
			isa = PBXGroup;
			children = (
				01B97315FEAEA392516A2CEA /* Blocks */,
				29B97315FDCFA39411CA2CEA /* Headers */,
				080E96DDFE201D6D7F000001 /* Source */,
				29B97317FDCFA39411CA2CEA /* Resources */,
				29B97323FDCFA39411CA2CEA /* Frameworks */,
				19C28FACFE9D520D11CA2CBB /* Products */,
			);
			name = TUIOListener;
			sourceTree = "<group>";
		};
		500212F03D104CADA1531EE7 /* posix */ = {
			isa = PBXGroup;
			children = (
				8CF6D623419F4ACCBE5BCF0A /* NetworkingUtils.cpp */,
				BFE6BC94B4B840A094CC44F7 /* UdpSocket.cpp */,
			);
			name = posix;
			sourceTree = "<group>";
		};
		B0BE7257841744E3910D4BC7 /* ip */ = {
			isa = PBXGroup;
			children = (
				FC2BCCE25E6D4D5CA76CEBA4 /* IpEndpointName.cpp */,
				4511D0912C6146D3BF171675 /* IpEndpointName.h */,
				E2E62CD458344641965326DD /* NetworkingUtils.h */,
				019094F4BB0945D28EE1774C /* PacketListener.h */,
				EC03E5007E37422FA46DB7F7 /* TimerListener.h */,
				EBF75E8FB6BE497796B3F146 /* UdpSocket.h */,
				500212F03D104CADA1531EE7 /* posix */,
			);
			name = ip;
			sourceTree = "<group>";
		};
		BE6EE2C0618F4F0E9188B260 /* osc */ = {
			isa = PBXGroup;
			children = (
				60AA72A6A1584926B6795D43 /* OscOutboundPacketStream.cpp */,
				FAB22529937E41BEAF28D28D /* OscPrintReceivedElements.cpp */,
				5129FCD3995C423BAC0BF3E1 /* OscReceivedElements.cpp */,
				211B5EC2C4044E38A1D34E4E /* OscTypes.cpp */,
				1DB6E3FB92C1497B93B6D994 /* MessageMappingOscPacketListener.h */,
				F266A4160AD142D5A54C59A0 /* OscException.h */,
				3297ECD149C44A21B5E0A780 /* OscHostEndianness.h */,
				20E7DFCE45434A5B87CC3881 /* OscOutboundPacketStream.h */,
				F95984F66F864AD9AC8CE4D3 /* OscPacketListener.h */,
				AB873D87E2E045BC9D17DDC5 /* OscPrintReceivedElements.h */,
				CC35485ACCA24F0BBB6FBBDF /* OscReceivedElements.h */,
				4753FBF927A74B31A3DC2747 /* OscTypes.h */,
			);
			name = osc;
			sourceTree = "<group>";
		};
		6D398CD3011549B1A4FEFC4B /* src */ = {
			isa = PBXGroup;
			children = (
				787F3D37D2114EC8B1911288 /* OscBundle.cpp */,
				01498DCA45704F128AC29428 /* OscListener.cpp */,
				DEA4A6F5C245435D8934FE2A /* OscMessage.cpp */,
				2CEE758C85D84E52A03DEB60 /* OscSender.cpp */,
				B0BE7257841744E3910D4BC7 /* ip */,
				BE6EE2C0618F4F0E9188B260 /* osc */,
				F3509CD0EF6F4E9DAD93794F /* OscArg.h */,
				BDA38B15764C4CD48CBDF52A /* OscBundle.h */,
				7CA4942DE83D4B989DA22E79 /* OscListener.h */,
				C9ABAC228F1B4F1E87A3286E /* OscMessage.h */,
				0DD737EC0DAA465B97F5ED26 /* OscSender.h */,
			);
			name = src;
			sourceTree = "<group>";
		};
		05C385015C32458C91A1682F /* OSC */ = {
			isa = PBXGroup;
			children = (
				6D398CD3011549B1A4FEFC4B /* src */,
			);
			name = OSC;
			sourceTree = "<group>";
		};
		35E63E9EC074484FA8265AAD /* src */ = {
			isa = PBXGroup;
			children = (
				895BFCD41ECA475CAD9A0E16 /* TuioClient.cpp */,
			);
			name = src;
			sourceTree = "<group>";
		};
		02D218F8192240B68E1C3130 /* include */ = {
			isa = PBXGroup;
			children = (
				2F3D542A241F41678B0A38D5 /* TuioClient.h */,
				66B417DE26F14AB79ABABBB4 /* TuioCursor.h */,
				61C96BF6BD9C4BEBA912387B /* TuioObject.h */,
				BBF67CB0337D4B0C9BA19667 /* TuioProfileBase.h */,
			);
			name = include;
			sourceTree = "<group>";
		};
		C576FE377A2D464CAC723DCA /* TUIO */ = {
			isa = PBXGroup;
			children = (
				35E63E9EC074484FA8265AAD /* src */,
				02D218F8192240B68E1C3130 /* include */,
			);
			name = TUIO;
			sourceTree = "<group>";
		};
		01B97315FEAEA392516A2CEA /* Blocks */ = {
			isa = PBXGroup;
			children = (
				05C385015C32458C91A1682F /* OSC */,
				C576FE377A2D464CAC723DCA /* TUIO */,
			);
			name = Blocks;
			sourceTree = "<group>";
		};
		29B97315FDCFA39411CA2CEA /* Headers */ = {
			isa = PBXGroup;
			children = (
				3622BA57504D45E79BF687DA /* Resources.h */,
				DCDFEAC2CA484432B57B1CB3 /* TUIOListener_Prefix.pch */,
			);
			name = Headers;
			sourceTree = "<group>";
		};
		29B97317FDCFA39411CA2CEA /* Resources */ = {
			isa = PBXGroup;
			children = (
				86DC350E20A9455E95404733 /* CinderApp.icns */,
				0CB3FC8E118D4670824AD80E /* Info.plist */,
			);
			name = Resources;
			sourceTree = "<group>";
		};
		29B97323FDCFA39411CA2CEA /* Frameworks */ = {
			isa = PBXGroup;
			children = (
				1058C7A0FEA54F0111CA2CBB /* Linked Frameworks */,
				1058C7A2FEA54F0111CA2CBB /* Other Frameworks */,
			);
			name = Frameworks;
			sourceTree = "<group>";
		};
/* End PBXGroup section */

/* Begin PBXNativeTarget section */
		8D1107260486CEB800E47090 /* TUIOListener */ = {
			isa = PBXNativeTarget;
			buildConfigurationList = C01FCF4A08A954540054247B /* Build configuration list for PBXNativeTarget "TUIOListener" */;
			buildPhases = (
				8D1107290486CEB800E47090 /* Resources */,
				8D11072C0486CEB800E47090 /* Sources */,
				8D11072E0486CEB800E47090 /* Frameworks */,
			);
			buildRules = (
			);
			dependencies = (
			);
			name = TUIOListener;
			productInstallPath = "$(HOME)/Applications";
			productName = TUIOListener;
			productReference = 8D1107320486CEB800E47090 /* TUIOListener.app */;
			productType = "com.apple.product-type.application";
		};
/* End PBXNativeTarget section */

/* Begin PBXProject section */
		29B97313FDCFA39411CA2CEA /* Project object */ = {
			isa = PBXProject;
			buildConfigurationList = C01FCF4E08A954540054247B /* Build configuration list for PBXProject "TUIOListener" */;
			compatibilityVersion = "Xcode 3.2";
			developmentRegion = English;
			hasScannedForEncodings = 1;
			knownRegions = (
				English,
				Japanese,
				French,
				German,
			);
			mainGroup = 29B97314FDCFA39411CA2CEA /* TUIOListener */;
			projectDirPath = "";
			projectRoot = "";
			targets = (
				8D1107260486CEB800E47090 /* TUIOListener */,
			);
		};
/* End PBXProject section */

/* Begin PBXResourcesBuildPhase section */
		8D1107290486CEB800E47090 /* Resources */ = {
			isa = PBXResourcesBuildPhase;
			buildActionMask = 2147483647;
			files = (
				A58E0ADDABC143CFA2B55AC5 /* CinderApp.icns in Resources */,
			);
			runOnlyForDeploymentPostprocessing = 0;
		};
/* End PBXResourcesBuildPhase section */

/* Begin PBXSourcesBuildPhase section */
		8D11072C0486CEB800E47090 /* Sources */ = {
			isa = PBXSourcesBuildPhase;
			buildActionMask = 2147483647;
			files = (
				AABE7C90BA0F4D05A2599BE6 /* TUIOListenerApp.cpp in Sources */,
				AFFF366AC2514CB6B91954B7 /* OscBundle.cpp in Sources */,
				FD64B9981E7349D18DC2B016 /* OscListener.cpp in Sources */,
				2944B963615248DAA28FABA6 /* OscMessage.cpp in Sources */,
				7DF97E1086244A3F8B4C522D /* OscSender.cpp in Sources */,
				09AC8FA1576941869506DBB5 /* IpEndpointName.cpp in Sources */,
				6836C62C5B5F485C93D4ED62 /* OscOutboundPacketStream.cpp in Sources */,
				6C15878BADCB438D816DFAE0 /* OscPrintReceivedElements.cpp in Sources */,
				FE05A6FC61754490AFD8736E /* OscReceivedElements.cpp in Sources */,
				A2A2E0DBAEC045CEA19B229B /* OscTypes.cpp in Sources */,
				DABCC608B18148F590569529 /* NetworkingUtils.cpp in Sources */,
				B7D017A0C1BF4861B3A30210 /* UdpSocket.cpp in Sources */,
				47B8481F222F4064B19D5328 /* TuioClient.cpp in Sources */,
			);
			runOnlyForDeploymentPostprocessing = 0;
		};
/* End PBXSourcesBuildPhase section */

/* Begin XCBuildConfiguration section */
		C01FCF4B08A954540054247B /* Debug */ = {
			isa = XCBuildConfiguration;
			buildSettings = {
				COMBINE_HIDPI_IMAGES = YES;
				DEAD_CODE_STRIPPING = YES;
				COPY_PHASE_STRIP = NO;
				GCC_DYNAMIC_NO_PIC = NO;
				GCC_INLINES_ARE_PRIVATE_EXTERN = YES;
				GCC_OPTIMIZATION_LEVEL = 0;
				GCC_PREPROCESSOR_DEFINITIONS = (
					"DEBUG=1",
					"$(inherited)",
				);
				GCC_PRECOMPILE_PREFIX_HEADER = YES;
				GCC_PREFIX_HEADER = TUIOListener_Prefix.pch;
				GCC_SYMBOLS_PRIVATE_EXTERN = NO;
				INFOPLIST_FILE = Info.plist;
				INSTALL_PATH = "$(HOME)/Applications";
				OTHER_LDFLAGS = "\"$(CINDER_PATH)/lib/libcinder_d.a\"";
				PRODUCT_NAME = TUIOListener;
				WRAPPER_EXTENSION = app;
				SYMROOT = ./build;
			};
			name = Debug;
		};
		C01FCF4C08A954540054247B /* Release */ = {
			isa = XCBuildConfiguration;
			buildSettings = {
				COMBINE_HIDPI_IMAGES = YES;
				DEAD_CODE_STRIPPING = YES;
				DEBUG_INFORMATION_FORMAT = "dwarf-with-dsym";
				GCC_FAST_MATH = YES;
				GCC_GENERATE_DEBUGGING_SYMBOLS = NO;
				GCC_INLINES_ARE_PRIVATE_EXTERN = YES;
				GCC_OPTIMIZATION_LEVEL = 3;
				GCC_PRECOMPILE_PREFIX_HEADER = YES;
				GCC_PREFIX_HEADER = TUIOListener_Prefix.pch;
				GCC_SYMBOLS_PRIVATE_EXTERN = NO;
				INFOPLIST_FILE = Info.plist;
				INSTALL_PATH = "$(HOME)/Applications";
				OTHER_LDFLAGS = "\"$(CINDER_PATH)/lib/libcinder.a\"";
				PRODUCT_NAME = TUIOListener;
				STRIP_INSTALLED_PRODUCT = YES;
				WRAPPER_EXTENSION = app;
				SYMROOT = ./build;
			};
			name = Release;
		};
		C01FCF4F08A954540054247B /* Debug */ = {
			isa = XCBuildConfiguration;
			buildSettings = {
				CLANG_CXX_LANGUAGE_STANDARD = "c++0x";
				CLANG_CXX_LIBRARY = "libc++";
				ALWAYS_SEARCH_USER_PATHS = NO;
				ARCHS = i386;
				CINDER_PATH = "../../../../..";
				GCC_WARN_ABOUT_RETURN_TYPE = YES;
				GCC_WARN_UNUSED_VARIABLE = YES;
				HEADER_SEARCH_PATHS = "\"$(CINDER_PATH)/boost\"";
				MACOSX_DEPLOYMENT_TARGET = 10.7;
				SDKROOT = macosx;
				USER_HEADER_SEARCH_PATHS = (
					"\"$(CINDER_PATH)/include\" ../include",
					../../../../osc/src,
					../../../include,
				);
			};
			name = Debug;
		};
		C01FCF5008A954540054247B /* Release */ = {
			isa = XCBuildConfiguration;
			buildSettings = {
				CLANG_CXX_LANGUAGE_STANDARD = "c++0x";
				CLANG_CXX_LIBRARY = "libc++";
				ALWAYS_SEARCH_USER_PATHS = NO;
				ARCHS = i386;
				CINDER_PATH = "../../../../..";
				GCC_WARN_ABOUT_RETURN_TYPE = YES;
				GCC_WARN_UNUSED_VARIABLE = YES;
				HEADER_SEARCH_PATHS = "\"$(CINDER_PATH)/boost\"";
				MACOSX_DEPLOYMENT_TARGET = 10.7;
				SDKROOT = macosx;
				USER_HEADER_SEARCH_PATHS = (
					"\"$(CINDER_PATH)/include\" ../include",
					../../../../osc/src,
					../../../include,
				);
			};
			name = Release;
		};
/* End XCBuildConfiguration section */

/* Begin XCConfigurationList section */
		C01FCF4A08A954540054247B /* Build configuration list for PBXNativeTarget "TUIOListener" */ = {
			isa = XCConfigurationList;
			buildConfigurations = (
				C01FCF4B08A954540054247B /* Debug */,
				C01FCF4C08A954540054247B /* Release */,
			);
			defaultConfigurationIsVisible = 0;
			defaultConfigurationName = Release;
		};
		C01FCF4E08A954540054247B /* Build configuration list for PBXProject "TUIOListener" */ = {
			isa = XCConfigurationList;
			buildConfigurations = (
				C01FCF4F08A954540054247B /* Debug */,
				C01FCF5008A954540054247B /* Release */,
			);
			defaultConfigurationIsVisible = 0;
			defaultConfigurationName = Release;
		};
/* End XCConfigurationList section */
	};
	rootObject = 29B97313FDCFA39411CA2CEA /* Project object */;
}
