
Microsoft Visual Studio Solution File, Format Version 12.00
# Visual Studio 14
VisualStudioVersion = 14.0.25420.1
MinimumVisualStudioVersion = 10.0.40219.1
Project("{8BC9CEB8-8B4A-11D0-8D11-00A0C91BC942}") = "resizeTest", "resizeTest.vcxproj", "{7E5470C7-DCCD-4EEA-BF7E-42F8A442E007}"
EndProject
Global
	GlobalSection(SolutionConfigurationPlatforms) = preSolution
		Debug|Win32 = Debug|Win32
		Release|Win32 = Release|Win32
	EndGlobalSection
	GlobalSection(ProjectConfigurationPlatforms) = postSolution
		{7E5470C7-DCCD-4EEA-BF7E-42F8A442E007}.Debug|Win32.ActiveCfg = Debug|Win32
		{7E5470C7-DCCD-4EEA-BF7E-42F8A442E007}.Debug|Win32.Build.0 = Debug|Win32
		{7E5470C7-DCCD-4EEA-BF7E-42F8A442E007}.Release|Win32.ActiveCfg = Release|Win32
		{7E5470C7-DCCD-4EEA-BF7E-42F8A442E007}.Release|Win32.Build.0 = Release|Win32
	EndGlobalSection
	GlobalSection(SolutionProperties) = preSolution
		HideSolutionNode = FALSE
	EndGlobalSection
EndGlobal
