Microsoft Visual Studio Solution File, Format Version 12.00
# Visual Studio 14
VisualStudioVersion = 14.0.25420.1
MinimumVisualStudioVersion = 10.0.40219.1
Project("{8BC9CEB8-8B4A-11D0-8D11-00A0C91BC942}") = "BasicTween", "BasicTween.vcxproj", "{F836C3BE-11C1-4505-BB16-0CC8A91C14AE}"
EndProject
Global
	GlobalSection(SolutionConfigurationPlatforms) = preSolution
		Debug|Win32 = Debug|Win32
		Release|Win32 = Release|Win32
	EndGlobalSection
	GlobalSection(ProjectConfigurationPlatforms) = postSolution
		{F836C3BE-11C1-4505-BB16-0CC8A91C14AE}.Debug|Win32.ActiveCfg = Debug|Win32
		{F836C3BE-11C1-4505-BB16-0CC8A91C14AE}.Debug|Win32.Build.0 = Debug|Win32
		{F836C3BE-11C1-4505-BB16-0CC8A91C14AE}.Release|Win32.ActiveCfg = Release|Win32
		{F836C3BE-11C1-4505-BB16-0CC8A91C14AE}.Release|Win32.Build.0 = Release|Win32
	EndGlobalSection
	GlobalSection(SolutionProperties) = preSolution
		HideSolutionNode = FALSE
	EndGlobalSection
EndGlobal
