// !$*UTF8*$!
{
	archiveVersion = 1;
	classes = {
	};
	objectVersion = 46;
	objects = {

/* Begin PBXBuildFile section */
		00624F9416C2BC68008538C9 /* MobileCoreServices.framework in Frameworks */ = {isa = PBXBuildFile; fileRef = 00624F9316C2BC68008538C9 /* MobileCoreServices.framework */; };
		00624F9616C2BC76008538C9 /* ImageIO.framework in Frameworks */ = {isa = PBXBuildFile; fileRef = 00624F9516C2BC76008538C9 /* ImageIO.framework */; };
		0087D25512CD809F002CD69F /* CoreText.framework in Frameworks */ = {isa = PBXBuildFile; fileRef = 0087D25412CD809F002CD69F /* CoreText.framework */; };
		00CFDF6B1138442D0091E310 /* CoreGraphics.framework in Frameworks */ = {isa = PBXBuildFile; fileRef = 00CFDF6A1138442D0091E310 /* CoreGraphics.framework */; };
		1D1A6D75350B4FBE9C700B48 /* CinderApp_ios.png in Resources */ = {isa = PBXBuildFile; fileRef = 61BD004D60334808AAD5F6E2 /* CinderApp_ios.png */; };
		1D60589F0D05DD5A006BFB54 /* Foundation.framework in Frameworks */ = {isa = PBXBuildFile; fileRef = 1D30AB110D05D00D00671497 /* Foundation.framework */; };
		1DF5F4E00D08C38300B7A737 /* UIKit.framework in Frameworks */ = {isa = PBXBuildFile; fileRef = 1DF5F4DF0D08C38300B7A737 /* UIKit.framework */; };
		28FD15000DC6FC520079059D /* OpenGLES.framework in Frameworks */ = {isa = PBXBuildFile; fileRef = 28FD14FF0DC6FC520079059D /* OpenGLES.framework */; };
		28FD15080DC6FC5B0079059D /* QuartzCore.framework in Frameworks */ = {isa = PBXBuildFile; fileRef = 28FD15070DC6FC5B0079059D /* QuartzCore.framework */; };
		3DE3E2CD1650435EA3AA6467 /* NetworkingUtils.cpp in Sources */ = {isa = PBXBuildFile; fileRef = 3577315C0AE24E39A2020E4E /* NetworkingUtils.cpp */; };
		402BFCD0F5FA421ABA95BEEA /* IpEndpointName.cpp in Sources */ = {isa = PBXBuildFile; fileRef = 924E9ED91C90441B87845C29 /* IpEndpointName.cpp */; };
		41A8FD8123A9441C8D8F8FC4 /* UdpSocket.cpp in Sources */ = {isa = PBXBuildFile; fileRef = 63182D18C91A430194F5E73D /* UdpSocket.cpp */; };
		74FF079F29E847FA8B8D5F43 /* OscMessage.cpp in Sources */ = {isa = PBXBuildFile; fileRef = 412FB8D2314A4732A7864FB0 /* OscMessage.cpp */; };
		A735604988E0402F9F593B5E /* OscTypes.cpp in Sources */ = {isa = PBXBuildFile; fileRef = 54C86324775F4665BD24FA71 /* OscTypes.cpp */; };
		BD5053C0521F48ECAB16E902 /* OscReceivedElements.cpp in Sources */ = {isa = PBXBuildFile; fileRef = DE896E596F834921952DB8AA /* OscReceivedElements.cpp */; };
		C6BCE4ABAC814EC39470D8AD /* OscBundle.cpp in Sources */ = {isa = PBXBuildFile; fileRef = 58A6EB48CA514C8CB465891D /* OscBundle.cpp */; };
		C725DFFE121DAC7F00FA186B /* CoreMedia.framework in Frameworks */ = {isa = PBXBuildFile; fileRef = C727C02B121B400300192073 /* CoreMedia.framework */; settings = {ATTRIBUTES = (Weak, ); }; };
		C725E001121DAC8F00FA186B /* AVFoundation.framework in Frameworks */ = {isa = PBXBuildFile; fileRef = C725E000121DAC8F00FA186B /* AVFoundation.framework */; settings = {ATTRIBUTES = (Weak, ); }; };
		C727C02E121B400300192073 /* CoreVideo.framework in Frameworks */ = {isa = PBXBuildFile; fileRef = C727C02D121B400300192073 /* CoreVideo.framework */; settings = {ATTRIBUTES = (Weak, ); }; };
		C7FB19D6124BC0D70045AFD2 /* AudioToolbox.framework in Frameworks */ = {isa = PBXBuildFile; fileRef = C7FB19D5124BC0D70045AFD2 /* AudioToolbox.framework */; };
		CE2BB20F0A2F47AEAE1F0D5D /* OscPrintReceivedElements.cpp in Sources */ = {isa = PBXBuildFile; fileRef = 787774E9FB3D402FAF604431 /* OscPrintReceivedElements.cpp */; };
		D3FF242268ED48E2A0FF20BE /* OscListener.cpp in Sources */ = {isa = PBXBuildFile; fileRef = C16C4E2E1BCC45079450E9FE /* OscListener.cpp */; };
		EC3DB7A9113F4B93A0E1D6C3 /* OscSender.cpp in Sources */ = {isa = PBXBuildFile; fileRef = 074B8796077E47E5842CD605 /* OscSender.cpp */; };
		F963C5D141CC4179B17120A7 /* OscOutboundPacketStream.cpp in Sources */ = {isa = PBXBuildFile; fileRef = F205EE29313D41EA885CF86E /* OscOutboundPacketStream.cpp */; };
		FA9B7F2524FF4F6BA70634C6 /* OscSenderApp.cpp in Sources */ = {isa = PBXBuildFile; fileRef = DEB126E6B0394FEC814E058E /* OscSenderApp.cpp */; };
/* End PBXBuildFile section */

/* Begin PBXFileReference section */
		00624F9316C2BC68008538C9 /* MobileCoreServices.framework */ = {isa = PBXFileReference; lastKnownFileType = wrapper.framework; name = MobileCoreServices.framework; path = System/Library/Frameworks/MobileCoreServices.framework; sourceTree = SDKROOT; };
		00624F9516C2BC76008538C9 /* ImageIO.framework */ = {isa = PBXFileReference; lastKnownFileType = wrapper.framework; name = ImageIO.framework; path = System/Library/Frameworks/ImageIO.framework; sourceTree = SDKROOT; };
		00692BCF14FF149000D0A05E /* OscSender.app */ = {isa = PBXFileReference; explicitFileType = wrapper.application; includeInIndex = 0; path = OscSender.app; sourceTree = BUILT_PRODUCTS_DIR; };
		0087D25412CD809F002CD69F /* CoreText.framework */ = {isa = PBXFileReference; lastKnownFileType = wrapper.framework; name = CoreText.framework; path = System/Library/Frameworks/CoreText.framework; sourceTree = SDKROOT; };
		00CFDF6A1138442D0091E310 /* CoreGraphics.framework */ = {isa = PBXFileReference; lastKnownFileType = wrapper.framework; name = CoreGraphics.framework; path = System/Library/Frameworks/CoreGraphics.framework; sourceTree = SDKROOT; };
		074B8796077E47E5842CD605 /* OscSender.cpp */ = {isa = PBXFileReference; lastKnownFileType = sourcecode.c.cpp; name = OscSender.cpp; path = ../../../src/OscSender.cpp; sourceTree = "<group>"; };
		102AC5967C914BD1B403818A /* OscReceivedElements.h */ = {isa = PBXFileReference; lastKnownFileType = sourcecode.c.h; name = OscReceivedElements.h; path = ../../../src/osc/OscReceivedElements.h; sourceTree = "<group>"; };
		18BE836387B84D91874010FF /* OscException.h */ = {isa = PBXFileReference; lastKnownFileType = sourcecode.c.h; name = OscException.h; path = ../../../src/osc/OscException.h; sourceTree = "<group>"; };
		1D30AB110D05D00D00671497 /* Foundation.framework */ = {isa = PBXFileReference; lastKnownFileType = wrapper.framework; name = Foundation.framework; path = System/Library/Frameworks/Foundation.framework; sourceTree = SDKROOT; };
		1DF5F4DF0D08C38300B7A737 /* UIKit.framework */ = {isa = PBXFileReference; lastKnownFileType = wrapper.framework; name = UIKit.framework; path = System/Library/Frameworks/UIKit.framework; sourceTree = SDKROOT; };
		28D2556321CA4FF4BB95AB5F /* OscOutboundPacketStream.h */ = {isa = PBXFileReference; lastKnownFileType = sourcecode.c.h; name = OscOutboundPacketStream.h; path = ../../../src/osc/OscOutboundPacketStream.h; sourceTree = "<group>"; };
		28FD14FF0DC6FC520079059D /* OpenGLES.framework */ = {isa = PBXFileReference; lastKnownFileType = wrapper.framework; name = OpenGLES.framework; path = System/Library/Frameworks/OpenGLES.framework; sourceTree = SDKROOT; };
		28FD15070DC6FC5B0079059D /* QuartzCore.framework */ = {isa = PBXFileReference; lastKnownFileType = wrapper.framework; name = QuartzCore.framework; path = System/Library/Frameworks/QuartzCore.framework; sourceTree = SDKROOT; };
		3577315C0AE24E39A2020E4E /* NetworkingUtils.cpp */ = {isa = PBXFileReference; lastKnownFileType = sourcecode.c.cpp; name = NetworkingUtils.cpp; path = ../../../src/ip/posix/NetworkingUtils.cpp; sourceTree = "<group>"; };
		3BBE93EBDBA44C54AFE1C206 /* PacketListener.h */ = {isa = PBXFileReference; lastKnownFileType = sourcecode.c.h; name = PacketListener.h; path = ../../../src/ip/PacketListener.h; sourceTree = "<group>"; };
		3CF549279DB640E797DAEC80 /* IpEndpointName.h */ = {isa = PBXFileReference; lastKnownFileType = sourcecode.c.h; name = IpEndpointName.h; path = ../../../src/ip/IpEndpointName.h; sourceTree = "<group>"; };
		412FB8D2314A4732A7864FB0 /* OscMessage.cpp */ = {isa = PBXFileReference; lastKnownFileType = sourcecode.c.cpp; name = OscMessage.cpp; path = ../../../src/OscMessage.cpp; sourceTree = "<group>"; };
		54C86324775F4665BD24FA71 /* OscTypes.cpp */ = {isa = PBXFileReference; lastKnownFileType = sourcecode.c.cpp; name = OscTypes.cpp; path = ../../../src/osc/OscTypes.cpp; sourceTree = "<group>"; };
		58A6EB48CA514C8CB465891D /* OscBundle.cpp */ = {isa = PBXFileReference; lastKnownFileType = sourcecode.c.cpp; name = OscBundle.cpp; path = ../../../src/OscBundle.cpp; sourceTree = "<group>"; };
		5AF40BA5770E43C99F64D84B /* OscBundle.h */ = {isa = PBXFileReference; lastKnownFileType = sourcecode.c.h; name = OscBundle.h; path = ../../../src/OscBundle.h; sourceTree = "<group>"; };
		5B6C7BC89D1946CC9844931E /* UdpSocket.h */ = {isa = PBXFileReference; lastKnownFileType = sourcecode.c.h; name = UdpSocket.h; path = ../../../src/ip/UdpSocket.h; sourceTree = "<group>"; };
		61BD004D60334808AAD5F6E2 /* CinderApp_ios.png */ = {isa = PBXFileReference; lastKnownFileType = "\"\""; name = CinderApp_ios.png; path = ../resources/CinderApp_ios.png; sourceTree = "<group>"; };
		63182D18C91A430194F5E73D /* UdpSocket.cpp */ = {isa = PBXFileReference; lastKnownFileType = sourcecode.c.cpp; name = UdpSocket.cpp; path = ../../../src/ip/posix/UdpSocket.cpp; sourceTree = "<group>"; };
		6EE667C48FF14BF1980CC640 /* Resources.h */ = {isa = PBXFileReference; lastKnownFileType = sourcecode.c.h; name = Resources.h; path = ../include/Resources.h; sourceTree = "<group>"; };
		7395AD6C8E124170BE02C055 /* OscPrintReceivedElements.h */ = {isa = PBXFileReference; lastKnownFileType = sourcecode.c.h; name = OscPrintReceivedElements.h; path = ../../../src/osc/OscPrintReceivedElements.h; sourceTree = "<group>"; };
		787774E9FB3D402FAF604431 /* OscPrintReceivedElements.cpp */ = {isa = PBXFileReference; lastKnownFileType = sourcecode.c.cpp; name = OscPrintReceivedElements.cpp; path = ../../../src/osc/OscPrintReceivedElements.cpp; sourceTree = "<group>"; };
		7C68EA6BBE734698A7A5E84F /* MessageMappingOscPacketListener.h */ = {isa = PBXFileReference; lastKnownFileType = sourcecode.c.h; name = MessageMappingOscPacketListener.h; path = ../../../src/osc/MessageMappingOscPacketListener.h; sourceTree = "<group>"; };
		7D1BA6BB67374D1FA1166B14 /* OscPacketListener.h */ = {isa = PBXFileReference; lastKnownFileType = sourcecode.c.h; name = OscPacketListener.h; path = ../../../src/osc/OscPacketListener.h; sourceTree = "<group>"; };
		91BF2D2074094422A68356C2 /* OscSender_Prefix.pch */ = {isa = PBXFileReference; lastKnownFileType = "\"\""; path = OscSender_Prefix.pch; sourceTree = "<group>"; };
		924E9ED91C90441B87845C29 /* IpEndpointName.cpp */ = {isa = PBXFileReference; lastKnownFileType = sourcecode.c.cpp; name = IpEndpointName.cpp; path = ../../../src/ip/IpEndpointName.cpp; sourceTree = "<group>"; };
		95135EBA32AB47A4B3B02C15 /* OscListener.h */ = {isa = PBXFileReference; lastKnownFileType = sourcecode.c.h; name = OscListener.h; path = ../../../src/OscListener.h; sourceTree = "<group>"; };
		A450E1BB685D4F75AA866385 /* OscMessage.h */ = {isa = PBXFileReference; lastKnownFileType = sourcecode.c.h; name = OscMessage.h; path = ../../../src/OscMessage.h; sourceTree = "<group>"; };
		AB686A98B5034957A9A50A59 /* TimerListener.h */ = {isa = PBXFileReference; lastKnownFileType = sourcecode.c.h; name = TimerListener.h; path = ../../../src/ip/TimerListener.h; sourceTree = "<group>"; };
		B6E5EF6C199A42A69D5E807C /* OscTypes.h */ = {isa = PBXFileReference; lastKnownFileType = sourcecode.c.h; name = OscTypes.h; path = ../../../src/osc/OscTypes.h; sourceTree = "<group>"; };
		BC66AED6F05948828AED2C19 /* OscSender.h */ = {isa = PBXFileReference; lastKnownFileType = sourcecode.c.h; name = OscSender.h; path = ../../../src/OscSender.h; sourceTree = "<group>"; };
		BE5479403D4A4DC1A29D8485 /* NetworkingUtils.h */ = {isa = PBXFileReference; lastKnownFileType = sourcecode.c.h; name = NetworkingUtils.h; path = ../../../src/ip/NetworkingUtils.h; sourceTree = "<group>"; };
		C16C4E2E1BCC45079450E9FE /* OscListener.cpp */ = {isa = PBXFileReference; lastKnownFileType = sourcecode.c.cpp; name = OscListener.cpp; path = ../../../src/OscListener.cpp; sourceTree = "<group>"; };
		C725E000121DAC8F00FA186B /* AVFoundation.framework */ = {isa = PBXFileReference; lastKnownFileType = wrapper.framework; name = AVFoundation.framework; path = System/Library/Frameworks/AVFoundation.framework; sourceTree = SDKROOT; };
		C727C02B121B400300192073 /* CoreMedia.framework */ = {isa = PBXFileReference; lastKnownFileType = wrapper.framework; name = CoreMedia.framework; path = System/Library/Frameworks/CoreMedia.framework; sourceTree = SDKROOT; };
		C727C02D121B400300192073 /* CoreVideo.framework */ = {isa = PBXFileReference; lastKnownFileType = wrapper.framework; name = CoreVideo.framework; path = System/Library/Frameworks/CoreVideo.framework; sourceTree = SDKROOT; };
		C7FB19D5124BC0D70045AFD2 /* AudioToolbox.framework */ = {isa = PBXFileReference; lastKnownFileType = wrapper.framework; name = AudioToolbox.framework; path = System/Library/Frameworks/AudioToolbox.framework; sourceTree = SDKROOT; };
		DC05E8D62C404560A70EF185 /* OscHostEndianness.h */ = {isa = PBXFileReference; lastKnownFileType = sourcecode.c.h; name = OscHostEndianness.h; path = ../../../src/osc/OscHostEndianness.h; sourceTree = "<group>"; };
		DE896E596F834921952DB8AA /* OscReceivedElements.cpp */ = {isa = PBXFileReference; lastKnownFileType = sourcecode.c.cpp; name = OscReceivedElements.cpp; path = ../../../src/osc/OscReceivedElements.cpp; sourceTree = "<group>"; };
		DEB126E6B0394FEC814E058E /* OscSenderApp.cpp */ = {isa = PBXFileReference; lastKnownFileType = sourcecode.c.cpp; name = OscSenderApp.cpp; path = ../src/OscSenderApp.cpp; sourceTree = "<group>"; };
		F205EE29313D41EA885CF86E /* OscOutboundPacketStream.cpp */ = {isa = PBXFileReference; lastKnownFileType = sourcecode.c.cpp; name = OscOutboundPacketStream.cpp; path = ../../../src/osc/OscOutboundPacketStream.cpp; sourceTree = "<group>"; };
		FBB220BE2F88497C8B6DAAE2 /* Info.plist */ = {isa = PBXFileReference; lastKnownFileType = text.plist.xml; path = Info.plist; sourceTree = "<group>"; };
		FDCF579F48CF4FA0AF9F9D3B /* OscArg.h */ = {isa = PBXFileReference; lastKnownFileType = sourcecode.c.h; name = OscArg.h; path = ../../../src/OscArg.h; sourceTree = "<group>"; };
/* End PBXFileReference section */

/* Begin PBXFrameworksBuildPhase section */
		00692BCC14FF149000D0A05E /* Frameworks */ = {
			isa = PBXFrameworksBuildPhase;
			buildActionMask = 2147483647;
			files = (
				00624F9616C2BC76008538C9 /* ImageIO.framework in Frameworks */,
				00624F9416C2BC68008538C9 /* MobileCoreServices.framework in Frameworks */,
				C725E001121DAC8F00FA186B /* AVFoundation.framework in Frameworks */,
				C725DFFE121DAC7F00FA186B /* CoreMedia.framework in Frameworks */,
				1D60589F0D05DD5A006BFB54 /* Foundation.framework in Frameworks */,
				1DF5F4E00D08C38300B7A737 /* UIKit.framework in Frameworks */,
				28FD15000DC6FC520079059D /* OpenGLES.framework in Frameworks */,
				28FD15080DC6FC5B0079059D /* QuartzCore.framework in Frameworks */,
				00CFDF6B1138442D0091E310 /* CoreGraphics.framework in Frameworks */,
				C727C02E121B400300192073 /* CoreVideo.framework in Frameworks */,
				C7FB19D6124BC0D70045AFD2 /* AudioToolbox.framework in Frameworks */,
				0087D25512CD809F002CD69F /* CoreText.framework in Frameworks */,
			);
			runOnlyForDeploymentPostprocessing = 0;
		};
/* End PBXFrameworksBuildPhase section */

/* Begin PBXGroup section */
		00692BC414FF149000D0A05E = {
			isa = PBXGroup;
			children = (
				00624F9516C2BC76008538C9 /* ImageIO.framework */,
				00624F9316C2BC68008538C9 /* MobileCoreServices.framework */,
				99692BD914FF149000DFFFFF /* Blocks */,
				99692BD914FF149000D0A05F /* Headers */,
				00692BD914FF149000D0A05E /* Source */,
				00692BD914FF149000D0FFFF /* Resources */,
				00692BD214FF149000D0A05E /* Frameworks */,
				00692BD014FF149000D0A05E /* Products */,
			);
			sourceTree = "<group>";
		};
		00692BD014FF149000D0A05E /* Products */ = {
			isa = PBXGroup;
			children = (
				00692BCF14FF149000D0A05E /* OscSender.app */,
			);
			name = Products;
			sourceTree = "<group>";
		};
		00692BD214FF149000D0A05E /* Frameworks */ = {
			isa = PBXGroup;
			children = (
				C7FB19D5124BC0D70045AFD2 /* AudioToolbox.framework */,
				C727C02B121B400300192073 /* CoreMedia.framework */,
				C727C02D121B400300192073 /* CoreVideo.framework */,
				28FD15070DC6FC5B0079059D /* QuartzCore.framework */,
				28FD14FF0DC6FC520079059D /* OpenGLES.framework */,
				1DF5F4DF0D08C38300B7A737 /* UIKit.framework */,
				1D30AB110D05D00D00671497 /* Foundation.framework */,
				00CFDF6A1138442D0091E310 /* CoreGraphics.framework */,
				C725E000121DAC8F00FA186B /* AVFoundation.framework */,
				0087D25412CD809F002CD69F /* CoreText.framework */,
			);
			name = Frameworks;
			sourceTree = "<group>";
		};
		00692BD914FF149000D0A05E /* Source */ = {
			isa = PBXGroup;
			children = (
				DEB126E6B0394FEC814E058E /* OscSenderApp.cpp */,
			);
			name = Source;
			sourceTree = "<group>";
		};
		00692BD914FF149000D0FFFF /* Resources */ = {
			isa = PBXGroup;
			children = (
				61BD004D60334808AAD5F6E2 /* CinderApp_ios.png */,
				FBB220BE2F88497C8B6DAAE2 /* Info.plist */,
			);
			name = Resources;
			sourceTree = "<group>";
		};
		15BDB60936FE4B93977FD627 /* ip */ = {
			isa = PBXGroup;
			children = (
				924E9ED91C90441B87845C29 /* IpEndpointName.cpp */,
				3CF549279DB640E797DAEC80 /* IpEndpointName.h */,
				BE5479403D4A4DC1A29D8485 /* NetworkingUtils.h */,
				3BBE93EBDBA44C54AFE1C206 /* PacketListener.h */,
				AB686A98B5034957A9A50A59 /* TimerListener.h */,
				5B6C7BC89D1946CC9844931E /* UdpSocket.h */,
				7553E1E7A4A44F4DB35731E4 /* posix */,
			);
			name = ip;
			sourceTree = "<group>";
		};
		3A0BDA873A914443B4FCAD8B /* src */ = {
			isa = PBXGroup;
			children = (
				58A6EB48CA514C8CB465891D /* OscBundle.cpp */,
				C16C4E2E1BCC45079450E9FE /* OscListener.cpp */,
				412FB8D2314A4732A7864FB0 /* OscMessage.cpp */,
				074B8796077E47E5842CD605 /* OscSender.cpp */,
				15BDB60936FE4B93977FD627 /* ip */,
				7F6DF7D4A6EF4835AD7AE10A /* osc */,
				FDCF579F48CF4FA0AF9F9D3B /* OscArg.h */,
				5AF40BA5770E43C99F64D84B /* OscBundle.h */,
				95135EBA32AB47A4B3B02C15 /* OscListener.h */,
				A450E1BB685D4F75AA866385 /* OscMessage.h */,
				BC66AED6F05948828AED2C19 /* OscSender.h */,
			);
			name = src;
			sourceTree = "<group>";
		};
		4A4DE2159F204E68A0CDA0B0 /* OSC */ = {
			isa = PBXGroup;
			children = (
				3A0BDA873A914443B4FCAD8B /* src */,
			);
			name = OSC;
			sourceTree = "<group>";
		};
		7553E1E7A4A44F4DB35731E4 /* posix */ = {
			isa = PBXGroup;
			children = (
				3577315C0AE24E39A2020E4E /* NetworkingUtils.cpp */,
				63182D18C91A430194F5E73D /* UdpSocket.cpp */,
			);
			name = posix;
			sourceTree = "<group>";
		};
		7F6DF7D4A6EF4835AD7AE10A /* osc */ = {
			isa = PBXGroup;
			children = (
				F205EE29313D41EA885CF86E /* OscOutboundPacketStream.cpp */,
				787774E9FB3D402FAF604431 /* OscPrintReceivedElements.cpp */,
				DE896E596F834921952DB8AA /* OscReceivedElements.cpp */,
				54C86324775F4665BD24FA71 /* OscTypes.cpp */,
				7C68EA6BBE734698A7A5E84F /* MessageMappingOscPacketListener.h */,
				18BE836387B84D91874010FF /* OscException.h */,
				DC05E8D62C404560A70EF185 /* OscHostEndianness.h */,
				28D2556321CA4FF4BB95AB5F /* OscOutboundPacketStream.h */,
				7D1BA6BB67374D1FA1166B14 /* OscPacketListener.h */,
				7395AD6C8E124170BE02C055 /* OscPrintReceivedElements.h */,
				102AC5967C914BD1B403818A /* OscReceivedElements.h */,
				B6E5EF6C199A42A69D5E807C /* OscTypes.h */,
			);
			name = osc;
			sourceTree = "<group>";
		};
		99692BD914FF149000D0A05F /* Headers */ = {
			isa = PBXGroup;
			children = (
				6EE667C48FF14BF1980CC640 /* Resources.h */,
				91BF2D2074094422A68356C2 /* OscSender_Prefix.pch */,
			);
			name = Headers;
			sourceTree = "<group>";
		};
		99692BD914FF149000DFFFFF /* Blocks */ = {
			isa = PBXGroup;
			children = (
				4A4DE2159F204E68A0CDA0B0 /* OSC */,
			);
			name = Blocks;
			sourceTree = "<group>";
		};
/* End PBXGroup section */

/* Begin PBXNativeTarget section */
		00692BCE14FF149000D0A05E /* OscSender */ = {
			isa = PBXNativeTarget;
			buildConfigurationList = 00692BF514FF149000D0A05E /* Build configuration list for PBXNativeTarget "OscSender" */;
			buildPhases = (
				00692BCB14FF149000D0A05E /* Sources */,
				00692BCC14FF149000D0A05E /* Frameworks */,
				00692BCD14FF149000D0A05E /* Resources */,
			);
			buildRules = (
			);
			dependencies = (
			);
			name = OscSender;
			productName = OscSender;
			productReference = 00692BCF14FF149000D0A05E /* OscSender.app */;
			productType = "com.apple.product-type.application";
		};
/* End PBXNativeTarget section */

/* Begin PBXProject section */
		00692BC614FF149000D0A05E /* Project object */ = {
			isa = PBXProject;
			buildConfigurationList = 00692BC914FF149000D0A05E /* Build configuration list for PBXProject "OscSender" */;
			compatibilityVersion = "Xcode 3.2";
			developmentRegion = English;
			hasScannedForEncodings = 0;
			knownRegions = (
				en,
			);
			mainGroup = 00692BC414FF149000D0A05E;
			productRefGroup = 00692BD014FF149000D0A05E /* Products */;
			projectDirPath = "";
			projectRoot = "";
			targets = (
				00692BCE14FF149000D0A05E /* OscSender */,
			);
		};
/* End PBXProject section */

/* Begin PBXResourcesBuildPhase section */
		00692BCD14FF149000D0A05E /* Resources */ = {
			isa = PBXResourcesBuildPhase;
			buildActionMask = 2147483647;
			files = (
				1D1A6D75350B4FBE9C700B48 /* CinderApp_ios.png in Resources */,
			);
			runOnlyForDeploymentPostprocessing = 0;
		};
/* End PBXResourcesBuildPhase section */

/* Begin PBXSourcesBuildPhase section */
		00692BCB14FF149000D0A05E /* Sources */ = {
			isa = PBXSourcesBuildPhase;
			buildActionMask = 2147483647;
			files = (
				FA9B7F2524FF4F6BA70634C6 /* OscSenderApp.cpp in Sources */,
				C6BCE4ABAC814EC39470D8AD /* OscBundle.cpp in Sources */,
				D3FF242268ED48E2A0FF20BE /* OscListener.cpp in Sources */,
				74FF079F29E847FA8B8D5F43 /* OscMessage.cpp in Sources */,
				EC3DB7A9113F4B93A0E1D6C3 /* OscSender.cpp in Sources */,
				402BFCD0F5FA421ABA95BEEA /* IpEndpointName.cpp in Sources */,
				F963C5D141CC4179B17120A7 /* OscOutboundPacketStream.cpp in Sources */,
				CE2BB20F0A2F47AEAE1F0D5D /* OscPrintReceivedElements.cpp in Sources */,
				BD5053C0521F48ECAB16E902 /* OscReceivedElements.cpp in Sources */,
				A735604988E0402F9F593B5E /* OscTypes.cpp in Sources */,
				3DE3E2CD1650435EA3AA6467 /* NetworkingUtils.cpp in Sources */,
				41A8FD8123A9441C8D8F8FC4 /* UdpSocket.cpp in Sources */,
			);
			runOnlyForDeploymentPostprocessing = 0;
		};
/* End PBXSourcesBuildPhase section */

/* Begin XCBuildConfiguration section */
		00692BF314FF149000D0A05E /* Debug */ = {
			isa = XCBuildConfiguration;
			buildSettings = {
				ALWAYS_SEARCH_USER_PATHS = NO;
				ARCHS = (
					armv7,
					armv7s,
				);
				CLANG_CXX_LANGUAGE_STANDARD = "c++0x";
				CLANG_CXX_LIBRARY = "libc++";
				"CODE_SIGN_IDENTITY[sdk=iphoneos*]" = "iPhone Developer";
				COPY_PHASE_STRIP = NO;
				GCC_C_LANGUAGE_STANDARD = gnu99;
				GCC_DYNAMIC_NO_PIC = NO;
				GCC_OPTIMIZATION_LEVEL = 0;
				GCC_PREPROCESSOR_DEFINITIONS = (
					"DEBUG=1",
					"$(inherited)",
				);
				GCC_SYMBOLS_PRIVATE_EXTERN = NO;
				GCC_VERSION = com.apple.compilers.llvm.clang.1_0;
				GCC_WARN_ABOUT_MISSING_PROTOTYPES = YES;
				GCC_WARN_ABOUT_RETURN_TYPE = YES;
				GCC_WARN_UNUSED_VARIABLE = YES;
				IPHONEOS_DEPLOYMENT_TARGET = 5.0;
				"OTHER_LDFLAGS[sdk=iphoneos*][arch=*]" = (
					"\"$(CINDER_PATH)/lib/libcinder-iphone_d.a\"",
					"-lz",
				);
				"OTHER_LDFLAGS[sdk=iphonesimulator*][arch=*]" = (
					"\"$(CINDER_PATH)/lib/libcinder-iphone-sim_d.a\"",
					"-lz",
				);
				SDKROOT = iphoneos;
				TARGETED_DEVICE_FAMILY = "1,2";
			};
			name = Debug;
		};
		00692BF414FF149000D0A05E /* Release */ = {
			isa = XCBuildConfiguration;
			buildSettings = {
				ALWAYS_SEARCH_USER_PATHS = NO;
				ARCHS = (
					armv7,
					armv7s,
				);
				CLANG_CXX_LANGUAGE_STANDARD = "c++0x";
				CLANG_CXX_LIBRARY = "libc++";
				"CODE_SIGN_IDENTITY[sdk=iphoneos*]" = "iPhone Developer";
				COPY_PHASE_STRIP = YES;
				GCC_C_LANGUAGE_STANDARD = gnu99;
				GCC_VERSION = com.apple.compilers.llvm.clang.1_0;
				GCC_WARN_ABOUT_MISSING_PROTOTYPES = YES;
				GCC_WARN_ABOUT_RETURN_TYPE = YES;
				GCC_WARN_UNUSED_VARIABLE = YES;
				IPHONEOS_DEPLOYMENT_TARGET = 5.0;
				OTHER_CFLAGS = "-DNS_BLOCK_ASSERTIONS=1";
				"OTHER_LDFLAGS[sdk=iphoneos*][arch=*]" = (
					"\"$(CINDER_PATH)/lib/libcinder-iphone.a\"",
					"-lz",
				);
				"OTHER_LDFLAGS[sdk=iphonesimulator*][arch=*]" = (
					"\"$(CINDER_PATH)/lib/libcinder-iphone-sim.a\"",
					"-lz",
				);
				SDKROOT = iphoneos;
				TARGETED_DEVICE_FAMILY = "1,2";
				VALIDATE_PRODUCT = YES;
			};
			name = Release;
		};
		00692BF614FF149000D0A05E /* Debug */ = {
			isa = XCBuildConfiguration;
			buildSettings = {
				CINDER_PATH = ../../../../../;
				CLANG_CXX_LANGUAGE_STANDARD = "c++0x";
				GCC_PRECOMPILE_PREFIX_HEADER = YES;
				GCC_PREFIX_HEADER = OscSender_Prefix.pch;
				HEADER_SEARCH_PATHS = "\"$(CINDER_PATH)/boost\"";
				INFOPLIST_FILE = Info.plist;
				PRODUCT_NAME = "$(TARGET_NAME)";
				USER_HEADER_SEARCH_PATHS = "\"$(CINDER_PATH)/include\" ../include ../../../src";
				WRAPPER_EXTENSION = app;
			};
			name = Debug;
		};
		00692BF714FF149000D0A05E /* Release */ = {
			isa = XCBuildConfiguration;
			buildSettings = {
				CINDER_PATH = ../../../../../;
				CLANG_CXX_LANGUAGE_STANDARD = "c++0x";
				GCC_PRECOMPILE_PREFIX_HEADER = YES;
				GCC_PREFIX_HEADER = OscSender_Prefix.pch;
				HEADER_SEARCH_PATHS = "\"$(CINDER_PATH)/boost\"";
				INFOPLIST_FILE = Info.plist;
				PRODUCT_NAME = "$(TARGET_NAME)";
				USER_HEADER_SEARCH_PATHS = "\"$(CINDER_PATH)/include\" ../include ../../../src";
				WRAPPER_EXTENSION = app;
			};
			name = Release;
		};
/* End XCBuildConfiguration section */

/* Begin XCConfigurationList section */
		00692BC914FF149000D0A05E /* Build configuration list for PBXProject "OscSender" */ = {
			isa = XCConfigurationList;
			buildConfigurations = (
				00692BF314FF149000D0A05E /* Debug */,
				00692BF414FF149000D0A05E /* Release */,
			);
			defaultConfigurationIsVisible = 0;
			defaultConfigurationName = Release;
		};
		00692BF514FF149000D0A05E /* Build configuration list for PBXNativeTarget "OscSender" */ = {
			isa = XCConfigurationList;
			buildConfigurations = (
				00692BF614FF149000D0A05E /* Debug */,
				00692BF714FF149000D0A05E /* Release */,
			);
			defaultConfigurationIsVisible = 0;
			defaultConfigurationName = Release;
		};
/* End XCConfigurationList section */
	};
	rootObject = 00692BC614FF149000D0A05E /* Project object */;
}
