// !$*UTF8*$!
{
	archiveVersion = 1;
	classes = {
	};
	objectVersion = 44;
	objects = {

/* Begin PBXBuildFile section */
		0091D8F90E81B9330029341E /* OpenGL.framework in Frameworks */ = {isa = PBXBuildFile; fileRef = 0091D8F80E81B9330029341E /* OpenGL.framework */; };
		00B784B30FF439BC000DE1D7 /* Accelerate.framework in Frameworks */ = {isa = PBXBuildFile; fileRef = 00B784AF0FF439BC000DE1D7 /* Accelerate.framework */; };
		00B784B40FF439BC000DE1D7 /* AudioToolbox.framework in Frameworks */ = {isa = PBXBuildFile; fileRef = 00B784B00FF439BC000DE1D7 /* AudioToolbox.framework */; };
		00B784B50FF439BC000DE1D7 /* AudioUnit.framework in Frameworks */ = {isa = PBXBuildFile; fileRef = 00B784B10FF439BC000DE1D7 /* AudioUnit.framework */; };
		00B784B60FF439BC000DE1D7 /* CoreAudio.framework in Frameworks */ = {isa = PBXBuildFile; fileRef = 00B784B20FF439BC000DE1D7 /* CoreAudio.framework */; };
		5323E6B20EAFCA74003A9687 /* CoreVideo.framework in Frameworks */ = {isa = PBXBuildFile; fileRef = 5323E6B10EAFCA74003A9687 /* CoreVideo.framework */; };
		5323E6B60EAFCA7E003A9687 /* QTKit.framework in Frameworks */ = {isa = PBXBuildFile; fileRef = 5323E6B50EAFCA7E003A9687 /* QTKit.framework */; };
		8D11072F0486CEB800E47090 /* Cocoa.framework in Frameworks */ = {isa = PBXBuildFile; fileRef = 1058C7A1FEA54F0111CA2CBB /* Cocoa.framework */; };
		D963553282FE4D7795633233 /* TuioProfileBase.h in Headers */ = {isa = PBXBuildFile; fileRef = D42B979B8D224984A623E221 /* TuioProfileBase.h */; };
		3605F8D66E65446586F5BC9C /* TuioObject.h in Headers */ = {isa = PBXBuildFile; fileRef = 194A462139684DC8B149856B /* TuioObject.h */; };
		B8F52B2CFD0E456BBC9B86EB /* TuioCursor.h in Headers */ = {isa = PBXBuildFile; fileRef = 583969A1248D434AB383F080 /* TuioCursor.h */; };
		CA43BBFAB9E944E985BBD72C /* TuioClient.h in Headers */ = {isa = PBXBuildFile; fileRef = BD6F3FF4087D47848263C148 /* TuioClient.h */; };
		2A7CA14706F0424DA1ADECE4 /* TuioClient.cpp in Sources */ = {isa = PBXBuildFile; fileRef = 765414772539413987555E36 /* TuioClient.cpp */; };
		F2636CC4A2CC4D03AF5ACF5B /* UdpSocket.cpp in Sources */ = {isa = PBXBuildFile; fileRef = 99238EE2A80A475583C7DEDF /* UdpSocket.cpp */; };
		E274C9E4EA3B44FDB0788EDE /* NetworkingUtils.cpp in Sources */ = {isa = PBXBuildFile; fileRef = 6C5B6E14FD3B4EF38F176322 /* NetworkingUtils.cpp */; };
		C6AB9ADB23AD4B6982813DD5 /* OscTypes.h in Headers */ = {isa = PBXBuildFile; fileRef = 932A5D66ED9F468FA6DE7822 /* OscTypes.h */; };
		C117E198E73C4204B73F80C6 /* OscReceivedElements.h in Headers */ = {isa = PBXBuildFile; fileRef = 629E260BC82A4D7BA077857C /* OscReceivedElements.h */; };
		1B5EB3D86A104FD79FEAD204 /* OscPrintReceivedElements.h in Headers */ = {isa = PBXBuildFile; fileRef = B585B4E368304E829FE92874 /* OscPrintReceivedElements.h */; };
		CC1CFC4EB5CB45C9920845C4 /* OscPacketListener.h in Headers */ = {isa = PBXBuildFile; fileRef = 1C0AEE957FB94B9A8031696D /* OscPacketListener.h */; };
		6B57DAB03FA04055A8A71159 /* OscOutboundPacketStream.h in Headers */ = {isa = PBXBuildFile; fileRef = 3C373B44E6D64EF0AF4356B3 /* OscOutboundPacketStream.h */; };
		60C5603BB1EA43878A7FAA8F /* OscHostEndianness.h in Headers */ = {isa = PBXBuildFile; fileRef = 1F61AC6FFD0D4698AADE31D5 /* OscHostEndianness.h */; };
		E8720A9F3A4449ABAFD7DE59 /* OscException.h in Headers */ = {isa = PBXBuildFile; fileRef = 01A4894937564EFEB63FC9A4 /* OscException.h */; };
		1148D9E9D67B4DFD909D8C34 /* MessageMappingOscPacketListener.h in Headers */ = {isa = PBXBuildFile; fileRef = 7C70D50E4C3C4E0D8EBCF898 /* MessageMappingOscPacketListener.h */; };
		E9D45EC4DC9B4EB5B9F3F173 /* UdpSocket.h in Headers */ = {isa = PBXBuildFile; fileRef = B3B49DF7887241E7AB44FB93 /* UdpSocket.h */; };
		3EF7F333EE5D4F3C87DE8BD3 /* TimerListener.h in Headers */ = {isa = PBXBuildFile; fileRef = DCEC5153D3FB48A7B7D757CD /* TimerListener.h */; };
		34445B5478FA400E993C6943 /* PacketListener.h in Headers */ = {isa = PBXBuildFile; fileRef = C98B26E77AC149ABBCFE4093 /* PacketListener.h */; };
		AF0134FEBA2846A2B7A6A98A /* NetworkingUtils.h in Headers */ = {isa = PBXBuildFile; fileRef = 812D4213C0E04AB899820275 /* NetworkingUtils.h */; };
		1C5177358AA14D13B8321203 /* IpEndpointName.h in Headers */ = {isa = PBXBuildFile; fileRef = D8FD0EF01D2F477BB7625FE4 /* IpEndpointName.h */; };
		21BD2648F70A4B2788083411 /* OscSender.h in Headers */ = {isa = PBXBuildFile; fileRef = 6B2C9957995E47AC88887098 /* OscSender.h */; };
		3D32A5AF5A3B4421ADE32B07 /* OscMessage.h in Headers */ = {isa = PBXBuildFile; fileRef = 18550453F13E4DE2A043B0CA /* OscMessage.h */; };
		06EEE4816AA8498B91FB9174 /* OscListener.h in Headers */ = {isa = PBXBuildFile; fileRef = ED936F8296094E5BB643CA46 /* OscListener.h */; };
		ECEDF50DA7BA4F76867DC2DB /* OscBundle.h in Headers */ = {isa = PBXBuildFile; fileRef = E8E0B78D762A4BAEBFB9B1E4 /* OscBundle.h */; };
		7958C708474E4280A7959BED /* OscArg.h in Headers */ = {isa = PBXBuildFile; fileRef = F419134F56BC42A9B548EFE2 /* OscArg.h */; };
		F0FC69780B5D427DA3C96BD4 /* OscTypes.cpp in Sources */ = {isa = PBXBuildFile; fileRef = 0524519F076A4A54B473E19F /* OscTypes.cpp */; };
		97F1996EFDD04630AE8DEDBC /* OscReceivedElements.cpp in Sources */ = {isa = PBXBuildFile; fileRef = AFA7EEFDE59E471B9F92D55A /* OscReceivedElements.cpp */; };
		F0A76C2168B0409DB70D5F58 /* OscPrintReceivedElements.cpp in Sources */ = {isa = PBXBuildFile; fileRef = F22CBD342D8448828FFDCA9B /* OscPrintReceivedElements.cpp */; };
		37B3109DFA154F11B5FF8752 /* OscOutboundPacketStream.cpp in Sources */ = {isa = PBXBuildFile; fileRef = 99DE618F51EA406880FAD58B /* OscOutboundPacketStream.cpp */; };
		78BA47D9A4264E3DA2D508CA /* IpEndpointName.cpp in Sources */ = {isa = PBXBuildFile; fileRef = 57FD4D9CBA7C4FF88ACE5143 /* IpEndpointName.cpp */; };
		43552B11FB704B688F1CEF19 /* OscSender.cpp in Sources */ = {isa = PBXBuildFile; fileRef = E059CD444C8C4E51A9EA2DAF /* OscSender.cpp */; };
		B0749A317D1C45D08EA334C2 /* OscMessage.cpp in Sources */ = {isa = PBXBuildFile; fileRef = 95CC1A0709A24C86B0963654 /* OscMessage.cpp */; };
		C6010993B4BE476C9C7AD3A7 /* OscListener.cpp in Sources */ = {isa = PBXBuildFile; fileRef = 9EC071A43CC14A6EA04FEA92 /* OscListener.cpp */; };
		7B3F272CCEAE40E5B138DAD0 /* OscBundle.cpp in Sources */ = {isa = PBXBuildFile; fileRef = 615417EC01F94E4F9AB99CE9 /* OscBundle.cpp */; };
		9F5EE31932494502B0E44998 /* TuioMultitouchBasic_Prefix.pch in Headers */ = {isa = PBXBuildFile; fileRef = CC680A809AF041E8BE4D8AE5 /* TuioMultitouchBasic_Prefix.pch */; };
		C5E09E8A4F484200B070C332 /* CinderApp.icns in Resources */ = {isa = PBXBuildFile; fileRef = EC5EF55D01CE4EE79071F6FD /* CinderApp.icns */; };
		8BE41D9F3E5E4DCD8B7B8B67 /* Resources.h in Headers */ = {isa = PBXBuildFile; fileRef = 32FD622CED90499DBEA4A291 /* Resources.h */; };
		CC9EA38164B049E387774850 /* TuioMultitouchBasicApp.cpp in Sources */ = {isa = PBXBuildFile; fileRef = 24952D693E044C42BDD29EB7 /* TuioMultitouchBasicApp.cpp */; };
/* End PBXBuildFile section */

/* Begin PBXFileReference section */
		0091D8F80E81B9330029341E /* OpenGL.framework */ = {isa = PBXFileReference; lastKnownFileType = wrapper.framework; name = OpenGL.framework; path = /System/Library/Frameworks/OpenGL.framework; sourceTree = "<absolute>"; };
		00B784AF0FF439BC000DE1D7 /* Accelerate.framework */ = {isa = PBXFileReference; lastKnownFileType = wrapper.framework; name = Accelerate.framework; path = System/Library/Frameworks/Accelerate.framework; sourceTree = SDKROOT; };
		00B784B00FF439BC000DE1D7 /* AudioToolbox.framework */ = {isa = PBXFileReference; lastKnownFileType = wrapper.framework; name = AudioToolbox.framework; path = System/Library/Frameworks/AudioToolbox.framework; sourceTree = SDKROOT; };
		00B784B10FF439BC000DE1D7 /* AudioUnit.framework */ = {isa = PBXFileReference; lastKnownFileType = wrapper.framework; name = AudioUnit.framework; path = System/Library/Frameworks/AudioUnit.framework; sourceTree = SDKROOT; };
		00B784B20FF439BC000DE1D7 /* CoreAudio.framework */ = {isa = PBXFileReference; lastKnownFileType = wrapper.framework; name = CoreAudio.framework; path = System/Library/Frameworks/CoreAudio.framework; sourceTree = SDKROOT; };
		1058C7A1FEA54F0111CA2CBB /* Cocoa.framework */ = {isa = PBXFileReference; lastKnownFileType = wrapper.framework; name = Cocoa.framework; path = /System/Library/Frameworks/Cocoa.framework; sourceTree = "<absolute>"; };
		29B97324FDCFA39411CA2CEA /* AppKit.framework */ = {isa = PBXFileReference; lastKnownFileType = wrapper.framework; name = AppKit.framework; path = /System/Library/Frameworks/AppKit.framework; sourceTree = "<absolute>"; };
		29B97325FDCFA39411CA2CEA /* Foundation.framework */ = {isa = PBXFileReference; lastKnownFileType = wrapper.framework; name = Foundation.framework; path = /System/Library/Frameworks/Foundation.framework; sourceTree = "<absolute>"; };
		5323E6B10EAFCA74003A9687 /* CoreVideo.framework */ = {isa = PBXFileReference; lastKnownFileType = wrapper.framework; name = CoreVideo.framework; path = /System/Library/Frameworks/CoreVideo.framework; sourceTree = "<absolute>"; };
		5323E6B50EAFCA7E003A9687 /* QTKit.framework */ = {isa = PBXFileReference; lastKnownFileType = wrapper.framework; name = QTKit.framework; path = /System/Library/Frameworks/QTKit.framework; sourceTree = "<absolute>"; };
		8D1107320486CEB800E47090 /* TuioMultitouchBasic.app */ = {isa = PBXFileReference; explicitFileType = wrapper.application; includeInIndex = 0; path = TuioMultitouchBasic.app; sourceTree = BUILT_PRODUCTS_DIR; };
		24952D693E044C42BDD29EB7 /* TuioMultitouchBasicApp.cpp */ = {isa = PBXFileReference; lastKnownFileType = sourcecode.c.cpp; path = ../src/TuioMultitouchBasicApp.cpp; sourceTree = "<group>"; name = TuioMultitouchBasicApp.cpp; };
		32FD622CED90499DBEA4A291 /* Resources.h */ = {isa = PBXFileReference; lastKnownFileType = sourcecode.c.h; path = ../include/Resources.h; sourceTree = "<group>"; name = Resources.h; };
		EC5EF55D01CE4EE79071F6FD /* CinderApp.icns */ = {isa = PBXFileReference; lastKnownFileType = image.icns; path = ../resources/CinderApp.icns; sourceTree = "<group>"; name = CinderApp.icns; };
		334F79182B9947F2A1A4632B /* Info.plist */ = {isa = PBXFileReference; lastKnownFileType = text.plist.xml; path = Info.plist; sourceTree = "<group>"; name = Info.plist; };
		CC680A809AF041E8BE4D8AE5 /* TuioMultitouchBasic_Prefix.pch */ = {isa = PBXFileReference; lastKnownFileType = "\"\""; path = TuioMultitouchBasic_Prefix.pch; sourceTree = "<group>"; name = TuioMultitouchBasic_Prefix.pch; };
		615417EC01F94E4F9AB99CE9 /* OscBundle.cpp */ = {isa = PBXFileReference; lastKnownFileType = sourcecode.c.cpp; path = ../../../../osc/src/OscBundle.cpp; sourceTree = "<group>"; name = OscBundle.cpp; };
		9EC071A43CC14A6EA04FEA92 /* OscListener.cpp */ = {isa = PBXFileReference; lastKnownFileType = sourcecode.c.cpp; path = ../../../../osc/src/OscListener.cpp; sourceTree = "<group>"; name = OscListener.cpp; };
		95CC1A0709A24C86B0963654 /* OscMessage.cpp */ = {isa = PBXFileReference; lastKnownFileType = sourcecode.c.cpp; path = ../../../../osc/src/OscMessage.cpp; sourceTree = "<group>"; name = OscMessage.cpp; };
		E059CD444C8C4E51A9EA2DAF /* OscSender.cpp */ = {isa = PBXFileReference; lastKnownFileType = sourcecode.c.cpp; path = ../../../../osc/src/OscSender.cpp; sourceTree = "<group>"; name = OscSender.cpp; };
		57FD4D9CBA7C4FF88ACE5143 /* IpEndpointName.cpp */ = {isa = PBXFileReference; lastKnownFileType = sourcecode.c.cpp; path = ../../../../osc/src/ip/IpEndpointName.cpp; sourceTree = "<group>"; name = IpEndpointName.cpp; };
		99DE618F51EA406880FAD58B /* OscOutboundPacketStream.cpp */ = {isa = PBXFileReference; lastKnownFileType = sourcecode.c.cpp; path = ../../../../osc/src/osc/OscOutboundPacketStream.cpp; sourceTree = "<group>"; name = OscOutboundPacketStream.cpp; };
		F22CBD342D8448828FFDCA9B /* OscPrintReceivedElements.cpp */ = {isa = PBXFileReference; lastKnownFileType = sourcecode.c.cpp; path = ../../../../osc/src/osc/OscPrintReceivedElements.cpp; sourceTree = "<group>"; name = OscPrintReceivedElements.cpp; };
		AFA7EEFDE59E471B9F92D55A /* OscReceivedElements.cpp */ = {isa = PBXFileReference; lastKnownFileType = sourcecode.c.cpp; path = ../../../../osc/src/osc/OscReceivedElements.cpp; sourceTree = "<group>"; name = OscReceivedElements.cpp; };
		0524519F076A4A54B473E19F /* OscTypes.cpp */ = {isa = PBXFileReference; lastKnownFileType = sourcecode.c.cpp; path = ../../../../osc/src/osc/OscTypes.cpp; sourceTree = "<group>"; name = OscTypes.cpp; };
		F419134F56BC42A9B548EFE2 /* OscArg.h */ = {isa = PBXFileReference; lastKnownFileType = sourcecode.c.h; path = ../../../../osc/src/OscArg.h; sourceTree = "<group>"; name = OscArg.h; };
		E8E0B78D762A4BAEBFB9B1E4 /* OscBundle.h */ = {isa = PBXFileReference; lastKnownFileType = sourcecode.c.h; path = ../../../../osc/src/OscBundle.h; sourceTree = "<group>"; name = OscBundle.h; };
		ED936F8296094E5BB643CA46 /* OscListener.h */ = {isa = PBXFileReference; lastKnownFileType = sourcecode.c.h; path = ../../../../osc/src/OscListener.h; sourceTree = "<group>"; name = OscListener.h; };
		18550453F13E4DE2A043B0CA /* OscMessage.h */ = {isa = PBXFileReference; lastKnownFileType = sourcecode.c.h; path = ../../../../osc/src/OscMessage.h; sourceTree = "<group>"; name = OscMessage.h; };
		6B2C9957995E47AC88887098 /* OscSender.h */ = {isa = PBXFileReference; lastKnownFileType = sourcecode.c.h; path = ../../../../osc/src/OscSender.h; sourceTree = "<group>"; name = OscSender.h; };
		D8FD0EF01D2F477BB7625FE4 /* IpEndpointName.h */ = {isa = PBXFileReference; lastKnownFileType = sourcecode.c.h; path = ../../../../osc/src/ip/IpEndpointName.h; sourceTree = "<group>"; name = IpEndpointName.h; };
		812D4213C0E04AB899820275 /* NetworkingUtils.h */ = {isa = PBXFileReference; lastKnownFileType = sourcecode.c.h; path = ../../../../osc/src/ip/NetworkingUtils.h; sourceTree = "<group>"; name = NetworkingUtils.h; };
		C98B26E77AC149ABBCFE4093 /* PacketListener.h */ = {isa = PBXFileReference; lastKnownFileType = sourcecode.c.h; path = ../../../../osc/src/ip/PacketListener.h; sourceTree = "<group>"; name = PacketListener.h; };
		DCEC5153D3FB48A7B7D757CD /* TimerListener.h */ = {isa = PBXFileReference; lastKnownFileType = sourcecode.c.h; path = ../../../../osc/src/ip/TimerListener.h; sourceTree = "<group>"; name = TimerListener.h; };
		B3B49DF7887241E7AB44FB93 /* UdpSocket.h */ = {isa = PBXFileReference; lastKnownFileType = sourcecode.c.h; path = ../../../../osc/src/ip/UdpSocket.h; sourceTree = "<group>"; name = UdpSocket.h; };
		7C70D50E4C3C4E0D8EBCF898 /* MessageMappingOscPacketListener.h */ = {isa = PBXFileReference; lastKnownFileType = sourcecode.c.h; path = ../../../../osc/src/osc/MessageMappingOscPacketListener.h; sourceTree = "<group>"; name = MessageMappingOscPacketListener.h; };
		01A4894937564EFEB63FC9A4 /* OscException.h */ = {isa = PBXFileReference; lastKnownFileType = sourcecode.c.h; path = ../../../../osc/src/osc/OscException.h; sourceTree = "<group>"; name = OscException.h; };
		1F61AC6FFD0D4698AADE31D5 /* OscHostEndianness.h */ = {isa = PBXFileReference; lastKnownFileType = sourcecode.c.h; path = ../../../../osc/src/osc/OscHostEndianness.h; sourceTree = "<group>"; name = OscHostEndianness.h; };
		3C373B44E6D64EF0AF4356B3 /* OscOutboundPacketStream.h */ = {isa = PBXFileReference; lastKnownFileType = sourcecode.c.h; path = ../../../../osc/src/osc/OscOutboundPacketStream.h; sourceTree = "<group>"; name = OscOutboundPacketStream.h; };
		1C0AEE957FB94B9A8031696D /* OscPacketListener.h */ = {isa = PBXFileReference; lastKnownFileType = sourcecode.c.h; path = ../../../../osc/src/osc/OscPacketListener.h; sourceTree = "<group>"; name = OscPacketListener.h; };
		B585B4E368304E829FE92874 /* OscPrintReceivedElements.h */ = {isa = PBXFileReference; lastKnownFileType = sourcecode.c.h; path = ../../../../osc/src/osc/OscPrintReceivedElements.h; sourceTree = "<group>"; name = OscPrintReceivedElements.h; };
		629E260BC82A4D7BA077857C /* OscReceivedElements.h */ = {isa = PBXFileReference; lastKnownFileType = sourcecode.c.h; path = ../../../../osc/src/osc/OscReceivedElements.h; sourceTree = "<group>"; name = OscReceivedElements.h; };
		932A5D66ED9F468FA6DE7822 /* OscTypes.h */ = {isa = PBXFileReference; lastKnownFileType = sourcecode.c.h; path = ../../../../osc/src/osc/OscTypes.h; sourceTree = "<group>"; name = OscTypes.h; };
		6C5B6E14FD3B4EF38F176322 /* NetworkingUtils.cpp */ = {isa = PBXFileReference; lastKnownFileType = sourcecode.c.cpp; path = ../../../../osc/src/ip/posix/NetworkingUtils.cpp; sourceTree = "<group>"; name = NetworkingUtils.cpp; };
		99238EE2A80A475583C7DEDF /* UdpSocket.cpp */ = {isa = PBXFileReference; lastKnownFileType = sourcecode.c.cpp; path = ../../../../osc/src/ip/posix/UdpSocket.cpp; sourceTree = "<group>"; name = UdpSocket.cpp; };
		765414772539413987555E36 /* TuioClient.cpp */ = {isa = PBXFileReference; lastKnownFileType = sourcecode.c.cpp; path = ../../../src/TuioClient.cpp; sourceTree = "<group>"; name = TuioClient.cpp; };
		BD6F3FF4087D47848263C148 /* TuioClient.h */ = {isa = PBXFileReference; lastKnownFileType = sourcecode.c.h; path = ../../../include/TuioClient.h; sourceTree = "<group>"; name = TuioClient.h; };
		583969A1248D434AB383F080 /* TuioCursor.h */ = {isa = PBXFileReference; lastKnownFileType = sourcecode.c.h; path = ../../../include/TuioCursor.h; sourceTree = "<group>"; name = TuioCursor.h; };
		194A462139684DC8B149856B /* TuioObject.h */ = {isa = PBXFileReference; lastKnownFileType = sourcecode.c.h; path = ../../../include/TuioObject.h; sourceTree = "<group>"; name = TuioObject.h; };
		D42B979B8D224984A623E221 /* TuioProfileBase.h */ = {isa = PBXFileReference; lastKnownFileType = sourcecode.c.h; path = ../../../include/TuioProfileBase.h; sourceTree = "<group>"; name = TuioProfileBase.h; };
/* End PBXFileReference section */

/* Begin PBXFrameworksBuildPhase section */
		8D11072E0486CEB800E47090 /* Frameworks */ = {
			isa = PBXFrameworksBuildPhase;
			buildActionMask = 2147483647;
			files = (
				8D11072F0486CEB800E47090 /* Cocoa.framework in Frameworks */,
				0091D8F90E81B9330029341E /* OpenGL.framework in Frameworks */,
				5323E6B20EAFCA74003A9687 /* CoreVideo.framework in Frameworks */,
				5323E6B60EAFCA7E003A9687 /* QTKit.framework in Frameworks */,
				00B784B30FF439BC000DE1D7 /* Accelerate.framework in Frameworks */,
				00B784B40FF439BC000DE1D7 /* AudioToolbox.framework in Frameworks */,
				00B784B50FF439BC000DE1D7 /* AudioUnit.framework in Frameworks */,
				00B784B60FF439BC000DE1D7 /* CoreAudio.framework in Frameworks */,
			);
			runOnlyForDeploymentPostprocessing = 0;
		};
/* End PBXFrameworksBuildPhase section */

/* Begin PBXGroup section */
		080E96DDFE201D6D7F000001 /* Source */ = {
			isa = PBXGroup;
			children = (
				24952D693E044C42BDD29EB7 /* TuioMultitouchBasicApp.cpp */,
			);
			name = Source;
			sourceTree = "<group>";
		};
		1058C7A0FEA54F0111CA2CBB /* Linked Frameworks */ = {
			isa = PBXGroup;
			children = (
				00B784AF0FF439BC000DE1D7 /* Accelerate.framework */,
				00B784B00FF439BC000DE1D7 /* AudioToolbox.framework */,
				00B784B10FF439BC000DE1D7 /* AudioUnit.framework */,
				00B784B20FF439BC000DE1D7 /* CoreAudio.framework */,
				5323E6B50EAFCA7E003A9687 /* QTKit.framework */,
				5323E6B10EAFCA74003A9687 /* CoreVideo.framework */,
				0091D8F80E81B9330029341E /* OpenGL.framework */,
				1058C7A1FEA54F0111CA2CBB /* Cocoa.framework */,
			);
			name = "Linked Frameworks";
			sourceTree = "<group>";
		};
		1058C7A2FEA54F0111CA2CBB /* Other Frameworks */ = {
			isa = PBXGroup;
			children = (
				29B97324FDCFA39411CA2CEA /* AppKit.framework */,
				29B97325FDCFA39411CA2CEA /* Foundation.framework */,
			);
			name = "Other Frameworks";
			sourceTree = "<group>";
		};
		19C28FACFE9D520D11CA2CBB /* Products */ = {
			isa = PBXGroup;
			children = (
				8D1107320486CEB800E47090 /* TuioMultitouchBasic.app */,
			);
			name = Products;
			sourceTree = "<group>";
		};
		29B97314FDCFA39411CA2CEA /* TuioMultitouchBasic */ = {
			isa = PBXGroup;
			children = (
				01B97315FEAEA392516A2CEA /* Blocks */,
				29B97315FDCFA39411CA2CEA /* Headers */,
				080E96DDFE201D6D7F000001 /* Source */,
				29B97317FDCFA39411CA2CEA /* Resources */,
				29B97323FDCFA39411CA2CEA /* Frameworks */,
				19C28FACFE9D520D11CA2CBB /* Products */,
			);
			name = TuioMultitouchBasic;
			sourceTree = "<group>";
		};
		FA0EF3D533FD45A3A4FBC8DA /* posix */ = {
			isa = PBXGroup;
			children = (
				6C5B6E14FD3B4EF38F176322 /* NetworkingUtils.cpp */,
				99238EE2A80A475583C7DEDF /* UdpSocket.cpp */,
			);
			name = posix;
			sourceTree = "<group>";
		};
		2BCA68C1E6EE4CF5B95A2151 /* ip */ = {
			isa = PBXGroup;
			children = (
				57FD4D9CBA7C4FF88ACE5143 /* IpEndpointName.cpp */,
				D8FD0EF01D2F477BB7625FE4 /* IpEndpointName.h */,
				812D4213C0E04AB899820275 /* NetworkingUtils.h */,
				C98B26E77AC149ABBCFE4093 /* PacketListener.h */,
				DCEC5153D3FB48A7B7D757CD /* TimerListener.h */,
				B3B49DF7887241E7AB44FB93 /* UdpSocket.h */,
				FA0EF3D533FD45A3A4FBC8DA /* posix */,
			);
			name = ip;
			sourceTree = "<group>";
		};
		E10CE68E99DA48D1A9F25F2A /* osc */ = {
			isa = PBXGroup;
			children = (
				99DE618F51EA406880FAD58B /* OscOutboundPacketStream.cpp */,
				F22CBD342D8448828FFDCA9B /* OscPrintReceivedElements.cpp */,
				AFA7EEFDE59E471B9F92D55A /* OscReceivedElements.cpp */,
				0524519F076A4A54B473E19F /* OscTypes.cpp */,
				7C70D50E4C3C4E0D8EBCF898 /* MessageMappingOscPacketListener.h */,
				01A4894937564EFEB63FC9A4 /* OscException.h */,
				1F61AC6FFD0D4698AADE31D5 /* OscHostEndianness.h */,
				3C373B44E6D64EF0AF4356B3 /* OscOutboundPacketStream.h */,
				1C0AEE957FB94B9A8031696D /* OscPacketListener.h */,
				B585B4E368304E829FE92874 /* OscPrintReceivedElements.h */,
				629E260BC82A4D7BA077857C /* OscReceivedElements.h */,
				932A5D66ED9F468FA6DE7822 /* OscTypes.h */,
			);
			name = osc;
			sourceTree = "<group>";
		};
		B8054B55E5274E4DB27B222F /* src */ = {
			isa = PBXGroup;
			children = (
				615417EC01F94E4F9AB99CE9 /* OscBundle.cpp */,
				9EC071A43CC14A6EA04FEA92 /* OscListener.cpp */,
				95CC1A0709A24C86B0963654 /* OscMessage.cpp */,
				E059CD444C8C4E51A9EA2DAF /* OscSender.cpp */,
				2BCA68C1E6EE4CF5B95A2151 /* ip */,
				E10CE68E99DA48D1A9F25F2A /* osc */,
				F419134F56BC42A9B548EFE2 /* OscArg.h */,
				E8E0B78D762A4BAEBFB9B1E4 /* OscBundle.h */,
				ED936F8296094E5BB643CA46 /* OscListener.h */,
				18550453F13E4DE2A043B0CA /* OscMessage.h */,
				6B2C9957995E47AC88887098 /* OscSender.h */,
			);
			name = src;
			sourceTree = "<group>";
		};
		CCA87C5250FD4B50A3E9E4A2 /* OSC */ = {
			isa = PBXGroup;
			children = (
				B8054B55E5274E4DB27B222F /* src */,
			);
			name = OSC;
			sourceTree = "<group>";
		};
		B7D6972BC95546769EA76BE9 /* src */ = {
			isa = PBXGroup;
			children = (
				765414772539413987555E36 /* TuioClient.cpp */,
			);
			name = src;
			sourceTree = "<group>";
		};
		3091D25D6F0E4DA8B771EDC9 /* include */ = {
			isa = PBXGroup;
			children = (
				BD6F3FF4087D47848263C148 /* TuioClient.h */,
				583969A1248D434AB383F080 /* TuioCursor.h */,
				194A462139684DC8B149856B /* TuioObject.h */,
				D42B979B8D224984A623E221 /* TuioProfileBase.h */,
			);
			name = include;
			sourceTree = "<group>";
		};
		12A1317F597142BAB268E979 /* TUIO */ = {
			isa = PBXGroup;
			children = (
				B7D6972BC95546769EA76BE9 /* src */,
				3091D25D6F0E4DA8B771EDC9 /* include */,
			);
			name = TUIO;
			sourceTree = "<group>";
		};
		01B97315FEAEA392516A2CEA /* Blocks */ = {
			isa = PBXGroup;
			children = (
				CCA87C5250FD4B50A3E9E4A2 /* OSC */,
				12A1317F597142BAB268E979 /* TUIO */,
			);
			name = Blocks;
			sourceTree = "<group>";
		};
		29B97315FDCFA39411CA2CEA /* Headers */ = {
			isa = PBXGroup;
			children = (
				32FD622CED90499DBEA4A291 /* Resources.h */,
				CC680A809AF041E8BE4D8AE5 /* TuioMultitouchBasic_Prefix.pch */,
			);
			name = Headers;
			sourceTree = "<group>";
		};
		29B97317FDCFA39411CA2CEA /* Resources */ = {
			isa = PBXGroup;
			children = (
				EC5EF55D01CE4EE79071F6FD /* CinderApp.icns */,
				334F79182B9947F2A1A4632B /* Info.plist */,
			);
			name = Resources;
			sourceTree = "<group>";
		};
		29B97323FDCFA39411CA2CEA /* Frameworks */ = {
			isa = PBXGroup;
			children = (
				1058C7A0FEA54F0111CA2CBB /* Linked Frameworks */,
				1058C7A2FEA54F0111CA2CBB /* Other Frameworks */,
			);
			name = Frameworks;
			sourceTree = "<group>";
		};
/* End PBXGroup section */

/* Begin PBXNativeTarget section */
		8D1107260486CEB800E47090 /* TuioMultitouchBasic */ = {
			isa = PBXNativeTarget;
			buildConfigurationList = C01FCF4A08A954540054247B /* Build configuration list for PBXNativeTarget "TuioMultitouchBasic" */;
			buildPhases = (
				8D1107290486CEB800E47090 /* Resources */,
				8D11072C0486CEB800E47090 /* Sources */,
				8D11072E0486CEB800E47090 /* Frameworks */,
			);
			buildRules = (
			);
			dependencies = (
			);
			name = TuioMultitouchBasic;
			productInstallPath = "$(HOME)/Applications";
			productName = TuioMultitouchBasic;
			productReference = 8D1107320486CEB800E47090 /* TuioMultitouchBasic.app */;
			productType = "com.apple.product-type.application";
		};
/* End PBXNativeTarget section */

/* Begin PBXProject section */
		29B97313FDCFA39411CA2CEA /* Project object */ = {
			isa = PBXProject;
			buildConfigurationList = C01FCF4E08A954540054247B /* Build configuration list for PBXProject "TuioMultitouchBasic" */;
			compatibilityVersion = "Xcode 3.2";
			developmentRegion = English;
			hasScannedForEncodings = 1;
			knownRegions = (
				English,
				Japanese,
				French,
				German,
			);
			mainGroup = 29B97314FDCFA39411CA2CEA /* TuioMultitouchBasic */;
			projectDirPath = "";
			projectRoot = "";
			targets = (
				8D1107260486CEB800E47090 /* TuioMultitouchBasic */,
			);
		};
/* End PBXProject section */

/* Begin PBXResourcesBuildPhase section */
		8D1107290486CEB800E47090 /* Resources */ = {
			isa = PBXResourcesBuildPhase;
			buildActionMask = 2147483647;
			files = (
				C5E09E8A4F484200B070C332 /* CinderApp.icns in Resources */,
			);
			runOnlyForDeploymentPostprocessing = 0;
		};
/* End PBXResourcesBuildPhase section */

/* Begin PBXSourcesBuildPhase section */
		8D11072C0486CEB800E47090 /* Sources */ = {
			isa = PBXSourcesBuildPhase;
			buildActionMask = 2147483647;
			files = (
				CC9EA38164B049E387774850 /* TuioMultitouchBasicApp.cpp in Sources */,
				7B3F272CCEAE40E5B138DAD0 /* OscBundle.cpp in Sources */,
				C6010993B4BE476C9C7AD3A7 /* OscListener.cpp in Sources */,
				B0749A317D1C45D08EA334C2 /* OscMessage.cpp in Sources */,
				43552B11FB704B688F1CEF19 /* OscSender.cpp in Sources */,
				78BA47D9A4264E3DA2D508CA /* IpEndpointName.cpp in Sources */,
				37B3109DFA154F11B5FF8752 /* OscOutboundPacketStream.cpp in Sources */,
				F0A76C2168B0409DB70D5F58 /* OscPrintReceivedElements.cpp in Sources */,
				97F1996EFDD04630AE8DEDBC /* OscReceivedElements.cpp in Sources */,
				F0FC69780B5D427DA3C96BD4 /* OscTypes.cpp in Sources */,
				E274C9E4EA3B44FDB0788EDE /* NetworkingUtils.cpp in Sources */,
				F2636CC4A2CC4D03AF5ACF5B /* UdpSocket.cpp in Sources */,
				2A7CA14706F0424DA1ADECE4 /* TuioClient.cpp in Sources */,
			);
			runOnlyForDeploymentPostprocessing = 0;
		};
/* End PBXSourcesBuildPhase section */

/* Begin XCBuildConfiguration section */
		C01FCF4B08A954540054247B /* Debug */ = {
			isa = XCBuildConfiguration;
			buildSettings = {
				COPY_PHASE_STRIP = NO;
				GCC_DYNAMIC_NO_PIC = NO;
				GCC_INLINES_ARE_PRIVATE_EXTERN = YES;
				GCC_OPTIMIZATION_LEVEL = 0;
				GCC_PRECOMPILE_PREFIX_HEADER = YES;
				GCC_PREFIX_HEADER = TuioMultitouchBasic_Prefix.pch;
				GCC_SYMBOLS_PRIVATE_EXTERN = NO;
				INFOPLIST_FILE = Info.plist;
				INSTALL_PATH = "$(HOME)/Applications";
				OTHER_LDFLAGS = "\"$(CINDER_PATH)/lib/libcinder_d.a\"";
				PRODUCT_NAME = TuioMultitouchBasic;
				WRAPPER_EXTENSION = app;
				SYMROOT = ./build;
			};
			name = Debug;
		};
		C01FCF4C08A954540054247B /* Release */ = {
			isa = XCBuildConfiguration;
			buildSettings = {
				DEAD_CODE_STRIPPING = YES;
				DEBUG_INFORMATION_FORMAT = "dwarf-with-dsym";
				GCC_FAST_MATH = YES;
				GCC_GENERATE_DEBUGGING_SYMBOLS = NO;
				GCC_INLINES_ARE_PRIVATE_EXTERN = YES;
				GCC_OPTIMIZATION_LEVEL = 3;
				GCC_PRECOMPILE_PREFIX_HEADER = YES;
				GCC_PREFIX_HEADER = TuioMultitouchBasic_Prefix.pch;
				GCC_SYMBOLS_PRIVATE_EXTERN = NO;
				INFOPLIST_FILE = Info.plist;
				INSTALL_PATH = "$(HOME)/Applications";
				OTHER_LDFLAGS = "\"$(CINDER_PATH)/lib/libcinder.a\"";
				PRODUCT_NAME = TuioMultitouchBasic;
				STRIP_INSTALLED_PRODUCT = YES;
				WRAPPER_EXTENSION = app;
				SYMROOT = ./build;
			};
			name = Release;
		};
		C01FCF4F08A954540054247B /* Debug */ = {
			isa = XCBuildConfiguration;
			buildSettings = {
				CLANG_CXX_LANGUAGE_STANDARD = "c++0x";
				ALWAYS_SEARCH_USER_PATHS = NO;
				ARCHS = i386;
				CINDER_PATH = "../../../../../";
				GCC_WARN_ABOUT_RETURN_TYPE = YES;
				GCC_WARN_UNUSED_VARIABLE = YES;
				HEADER_SEARCH_PATHS = "\"$(CINDER_PATH)/boost\"";
				MACOSX_DEPLOYMENT_TARGET = 10.6;
				SDKROOT = macosx;
				USER_HEADER_SEARCH_PATHS = (
					"\"$(CINDER_PATH)/include\" ../include",
					../../../../osc/src,
					../../../include,
				);
			};
			name = Debug;
		};
		C01FCF5008A954540054247B /* Release */ = {
			isa = XCBuildConfiguration;
			buildSettings = {
				CLANG_CXX_LANGUAGE_STANDARD = "c++0x";
				ALWAYS_SEARCH_USER_PATHS = NO;
				ARCHS = i386;
				CINDER_PATH = "../../../../../";
				GCC_WARN_ABOUT_RETURN_TYPE = YES;
				GCC_WARN_UNUSED_VARIABLE = YES;
				HEADER_SEARCH_PATHS = "\"$(CINDER_PATH)/boost\"";
				MACOSX_DEPLOYMENT_TARGET = 10.6;
				SDKROOT = macosx;
				USER_HEADER_SEARCH_PATHS = (
					"\"$(CINDER_PATH)/include\" ../include",
					../../../../osc/src,
					../../../include,
				);
			};
			name = Release;
		};
/* End XCBuildConfiguration section */

/* Begin XCConfigurationList section */
		C01FCF4A08A954540054247B /* Build configuration list for PBXNativeTarget "TuioMultitouchBasic" */ = {
			isa = XCConfigurationList;
			buildConfigurations = (
				C01FCF4B08A954540054247B /* Debug */,
				C01FCF4C08A954540054247B /* Release */,
			);
			defaultConfigurationIsVisible = 0;
			defaultConfigurationName = Release;
		};
		C01FCF4E08A954540054247B /* Build configuration list for PBXProject "TuioMultitouchBasic" */ = {
			isa = XCConfigurationList;
			buildConfigurations = (
				C01FCF4F08A954540054247B /* Debug */,
				C01FCF5008A954540054247B /* Release */,
			);
			defaultConfigurationIsVisible = 0;
			defaultConfigurationName = Release;
		};
/* End XCConfigurationList section */
	};
	rootObject = 29B97313FDCFA39411CA2CEA /* Project object */;
}
