Microsoft Visual Studio Solution File, Format Version 11.00
# Visual C++ Express 2010
Project("{8BC9CEB8-8B4A-11D0-8D11-00A0C91BC942}") = "FontSample", "FontSample.vcxproj", "{C6EACD9A-4949-4924-88EB-B024E758933E}"
EndProject
Global
	GlobalSection(SolutionConfigurationPlatforms) = preSolution
		Debug|Win32 = Debug|Win32
		Release|Win32 = Release|Win32
	EndGlobalSection
	GlobalSection(ProjectConfigurationPlatforms) = postSolution
		{C6EACD9A-4949-4924-88EB-B024E758933E}.Debug|Win32.ActiveCfg = Debug|Win32
		{C6EACD9A-4949-4924-88EB-B024E758933E}.Debug|Win32.Build.0 = Debug|Win32
		{C6EACD9A-4949-4924-88EB-B024E758933E}.Release|Win32.ActiveCfg = Release|Win32
		{C6EACD9A-4949-4924-88EB-B024E758933E}.Release|Win32.Build.0 = Release|Win32
	EndGlobalSection
	GlobalSection(SolutionProperties) = preSolution
		HideSolutionNode = FALSE
	EndGlobalSection
EndGlobal
