Microsoft Visual Studio Solution File, Format Version 12.00
# Visual Studio 14
VisualStudioVersion = 14.0.25420.1
MinimumVisualStudioVersion = 10.0.40219.1
Project("{8BC9CEB8-8B4A-11D0-8D11-00A0C91BC942}") = "CubeMapLayout", "CubeMapLayout.vcxproj", "{BE470B32-209E-4152-A898-C54D3AD30D32}"
EndProject
Global
	GlobalSection(SolutionConfigurationPlatforms) = preSolution
		Debug|Win32 = Debug|Win32
		Release|Win32 = Release|Win32
	EndGlobalSection
	GlobalSection(ProjectConfigurationPlatforms) = postSolution
		{BE470B32-209E-4152-A898-C54D3AD30D32}.Debug|Win32.ActiveCfg = Debug|Win32
		{BE470B32-209E-4152-A898-C54D3AD30D32}.Debug|Win32.Build.0 = Debug|Win32
		{BE470B32-209E-4152-A898-C54D3AD30D32}.Release|Win32.ActiveCfg = Release|Win32
		{BE470B32-209E-4152-A898-C54D3AD30D32}.Release|Win32.Build.0 = Release|Win32
	EndGlobalSection
	GlobalSection(SolutionProperties) = preSolution
		HideSolutionNode = FALSE
	EndGlobalSection
EndGlobal
